// !$*UTF8*$!
{
	archiveVersion = 1;
	classes = {
	};
	objectVersion = 45;
	objects = {

/* Begin PBXBuildFile section */
		C70D22E20FEEC12200383D23 /* anim_ui.cpp in Sources */ = {isa = PBXBuildFile; fileRef = C70D22C20FEEC12200383D23 /* anim_ui.cpp */; };
		C70D22E40FEEC12200383D23 /* basic_ui.cpp in Sources */ = {isa = PBXBuildFile; fileRef = C70D22C60FEEC12200383D23 /* basic_ui.cpp */; };
		C70D22E50FEEC12200383D23 /* confgr.cpp in Sources */ = {isa = PBXBuildFile; fileRef = C70D22C90FEEC12200383D23 /* confgr.cpp */; };
		C70D22E60FEEC12200383D23 /* cont.cpp in Sources */ = {isa = PBXBuildFile; fileRef = C70D22CB0FEEC12200383D23 /* cont.cpp */; };
		C70D22E70FEEC12200383D23 /* cont_ui.cpp in Sources */ = {isa = PBXBuildFile; fileRef = C70D22CD0FEEC12200383D23 /* cont_ui.cpp */; };
		C70D22E80FEEC12200383D23 /* draw.cpp in Sources */ = {isa = PBXBuildFile; fileRef = C70D22CF0FEEC12200383D23 /* draw.cpp */; };
		C70D22E90FEEC12200383D23 /* ingl.cpp in Sources */ = {isa = PBXBuildFile; fileRef = C70D22D00FEEC12200383D23 /* ingl.cpp */; };
		C70D22EA0FEEC12200383D23 /* main_ui.cpp in Sources */ = {isa = PBXBuildFile; fileRef = C70D22D30FEEC12200383D23 /* main_ui.cpp */; };
		C70D22EB0FEEC12200383D23 /* modes.cpp in Sources */ = {isa = PBXBuildFile; fileRef = C70D22D50FEEC12200383D23 /* modes.cpp */; };
		C70D22EC0FEEC12200383D23 /* print.cpp in Sources */ = {isa = PBXBuildFile; fileRef = C70D22D90FEEC12200383D23 /* print.cpp */; };
		C70D22ED0FEEC12200383D23 /* print_ui.cpp in Sources */ = {isa = PBXBuildFile; fileRef = C70D22DA0FEEC12200383D23 /* print_ui.cpp */; };
		C70D22EE0FEEC12200383D23 /* show.cpp in Sources */ = {isa = PBXBuildFile; fileRef = C70D22DC0FEEC12200383D23 /* show.cpp */; };
		C70D22EF0FEEC12200383D23 /* show_ui.cpp in Sources */ = {isa = PBXBuildFile; fileRef = C70D22DE0FEEC12200383D23 /* show_ui.cpp */; };
		C70D22F00FEEC12200383D23 /* undo.cpp in Sources */ = {isa = PBXBuildFile; fileRef = C70D22E00FEEC12200383D23 /* undo.cpp */; };
		C747FECE10ED734000B7789D /* animate.cpp in Sources */ = {isa = PBXBuildFile; fileRef = C747FECD10ED734000B7789D /* animate.cpp */; };
		C7D023FF1115F78600212CA4 /* contgram.cpp in Sources */ = {isa = PBXBuildFile; fileRef = C7D023FE1115F78600212CA4 /* contgram.cpp */; };
		C7D024051115F7A300212CA4 /* contscan.cpp in Sources */ = {isa = PBXBuildFile; fileRef = C7D024041115F7A300212CA4 /* contscan.cpp */; };
/* End PBXBuildFile section */

/* Begin PBXCopyFilesBuildPhase section */
		8DD76F690486A84900D96B5E /* CopyFiles */ = {
			isa = PBXCopyFilesBuildPhase;
			buildActionMask = 8;
			dstPath = /usr/share/man/man1/;
			dstSubfolderSpec = 0;
			files = (
			);
			runOnlyForDeploymentPostprocessing = 1;
		};
/* End PBXCopyFilesBuildPhase section */

/* Begin PBXFileReference section */
		8DD76F6C0486A84900D96B5E /* calchart */ = {isa = PBXFileReference; explicitFileType = "compiled.mach-o.executable"; includeInIndex = 0; path = calchart; sourceTree = BUILT_PRODUCTS_DIR; };
		C6859E8B029090EE04C91782 /* calchart.1 */ = {isa = PBXFileReference; lastKnownFileType = text.man; path = calchart.1; sourceTree = "<group>"; };
		C70D22C20FEEC12200383D23 /* anim_ui.cpp */ = {isa = PBXFileReference; fileEncoding = 4; lastKnownFileType = sourcecode.cpp.cpp; name = anim_ui.cpp; path = ../../anim_ui.cpp; sourceTree = SOURCE_ROOT; };
		C70D22C30FEEC12200383D23 /* anim_ui.h */ = {isa = PBXFileReference; fileEncoding = 4; lastKnownFileType = sourcecode.c.h; name = anim_ui.h; path = ../../anim_ui.h; sourceTree = SOURCE_ROOT; };
		C70D22C50FEEC12200383D23 /* animate.h */ = {isa = PBXFileReference; fileEncoding = 4; lastKnownFileType = sourcecode.c.h; name = animate.h; path = ../../animate.h; sourceTree = SOURCE_ROOT; };
		C70D22C60FEEC12200383D23 /* basic_ui.cpp */ = {isa = PBXFileReference; fileEncoding = 4; lastKnownFileType = sourcecode.cpp.cpp; name = basic_ui.cpp; path = ../../basic_ui.cpp; sourceTree = SOURCE_ROOT; };
		C70D22C70FEEC12200383D23 /* basic_ui.h */ = {isa = PBXFileReference; fileEncoding = 4; lastKnownFileType = sourcecode.c.h; name = basic_ui.h; path = ../../basic_ui.h; sourceTree = SOURCE_ROOT; };
		C70D22C80FEEC12200383D23 /* ccvers.h */ = {isa = PBXFileReference; fileEncoding = 4; lastKnownFileType = sourcecode.c.h; name = ccvers.h; path = ../../ccvers.h; sourceTree = SOURCE_ROOT; };
		C70D22C90FEEC12200383D23 /* confgr.cpp */ = {isa = PBXFileReference; fileEncoding = 4; lastKnownFileType = sourcecode.cpp.cpp; name = confgr.cpp; path = ../../confgr.cpp; sourceTree = SOURCE_ROOT; };
		C70D22CA0FEEC12200383D23 /* confgr.h */ = {isa = PBXFileReference; fileEncoding = 4; lastKnownFileType = sourcecode.c.h; name = confgr.h; path = ../../confgr.h; sourceTree = SOURCE_ROOT; };
		C70D22CB0FEEC12200383D23 /* cont.cpp */ = {isa = PBXFileReference; fileEncoding = 4; lastKnownFileType = sourcecode.cpp.cpp; name = cont.cpp; path = ../../cont.cpp; sourceTree = SOURCE_ROOT; };
		C70D22CC0FEEC12200383D23 /* cont.h */ = {isa = PBXFileReference; fileEncoding = 4; lastKnownFileType = sourcecode.c.h; name = cont.h; path = ../../cont.h; sourceTree = SOURCE_ROOT; };
		C70D22CD0FEEC12200383D23 /* cont_ui.cpp */ = {isa = PBXFileReference; fileEncoding = 4; lastKnownFileType = sourcecode.cpp.cpp; name = cont_ui.cpp; path = ../../cont_ui.cpp; sourceTree = SOURCE_ROOT; };
		C70D22CE0FEEC12200383D23 /* cont_ui.h */ = {isa = PBXFileReference; fileEncoding = 4; lastKnownFileType = sourcecode.c.h; name = cont_ui.h; path = ../../cont_ui.h; sourceTree = SOURCE_ROOT; };
		C70D22CF0FEEC12200383D23 /* draw.cpp */ = {isa = PBXFileReference; fileEncoding = 4; lastKnownFileType = sourcecode.cpp.cpp; name = draw.cpp; path = ../../draw.cpp; sourceTree = SOURCE_ROOT; };
		C70D22D00FEEC12200383D23 /* ingl.cpp */ = {isa = PBXFileReference; fileEncoding = 4; lastKnownFileType = sourcecode.cpp.cpp; name = ingl.cpp; path = ../../ingl.cpp; sourceTree = SOURCE_ROOT; };
		C70D22D10FEEC12200383D23 /* ingl.h */ = {isa = PBXFileReference; fileEncoding = 4; lastKnownFileType = sourcecode.c.h; name = ingl.h; path = ../../ingl.h; sourceTree = SOURCE_ROOT; };
		C70D22D20FEEC12200383D23 /* linmath.h */ = {isa = PBXFileReference; fileEncoding = 4; lastKnownFileType = sourcecode.c.h; name = linmath.h; path = ../../linmath.h; sourceTree = SOURCE_ROOT; };
		C70D22D30FEEC12200383D23 /* main_ui.cpp */ = {isa = PBXFileReference; fileEncoding = 4; lastKnownFileType = sourcecode.cpp.cpp; name = main_ui.cpp; path = ../../main_ui.cpp; sourceTree = SOURCE_ROOT; };
		C70D22D40FEEC12200383D23 /* main_ui.h */ = {isa = PBXFileReference; fileEncoding = 4; lastKnownFileType = sourcecode.c.h; name = main_ui.h; path = ../../main_ui.h; sourceTree = SOURCE_ROOT; };
		C70D22D50FEEC12200383D23 /* modes.cpp */ = {isa = PBXFileReference; fileEncoding = 4; lastKnownFileType = sourcecode.cpp.cpp; name = modes.cpp; path = ../../modes.cpp; sourceTree = SOURCE_ROOT; };
		C70D22D60FEEC12200383D23 /* modes.h */ = {isa = PBXFileReference; fileEncoding = 4; lastKnownFileType = sourcecode.c.h; name = modes.h; path = ../../modes.h; sourceTree = SOURCE_ROOT; };
		C70D22D70FEEC12200383D23 /* parse.h */ = {isa = PBXFileReference; fileEncoding = 4; lastKnownFileType = sourcecode.c.h; name = parse.h; path = ../../parse.h; sourceTree = SOURCE_ROOT; };
		C70D22D80FEEC12200383D23 /* platconf.h */ = {isa = PBXFileReference; fileEncoding = 4; lastKnownFileType = sourcecode.c.h; name = platconf.h; path = ../../platconf.h; sourceTree = SOURCE_ROOT; };
		C70D22D90FEEC12200383D23 /* print.cpp */ = {isa = PBXFileReference; fileEncoding = 4; lastKnownFileType = sourcecode.cpp.cpp; name = print.cpp; path = ../../print.cpp; sourceTree = SOURCE_ROOT; };
		C70D22DA0FEEC12200383D23 /* print_ui.cpp */ = {isa = PBXFileReference; fileEncoding = 4; lastKnownFileType = sourcecode.cpp.cpp; name = print_ui.cpp; path = ../../print_ui.cpp; sourceTree = SOURCE_ROOT; };
		C70D22DB0FEEC12200383D23 /* print_ui.h */ = {isa = PBXFileReference; fileEncoding = 4; lastKnownFileType = sourcecode.c.h; name = print_ui.h; path = ../../print_ui.h; sourceTree = SOURCE_ROOT; };
		C70D22DC0FEEC12200383D23 /* show.cpp */ = {isa = PBXFileReference; fileEncoding = 4; lastKnownFileType = sourcecode.cpp.cpp; name = show.cpp; path = ../../show.cpp; sourceTree = SOURCE_ROOT; };
		C70D22DD0FEEC12200383D23 /* show.h */ = {isa = PBXFileReference; fileEncoding = 4; lastKnownFileType = sourcecode.c.h; name = show.h; path = ../../show.h; sourceTree = SOURCE_ROOT; };
		C70D22DE0FEEC12200383D23 /* show_ui.cpp */ = {isa = PBXFileReference; fileEncoding = 4; lastKnownFileType = sourcecode.cpp.cpp; name = show_ui.cpp; path = ../../show_ui.cpp; sourceTree = SOURCE_ROOT; };
		C70D22DF0FEEC12200383D23 /* show_ui.h */ = {isa = PBXFileReference; fileEncoding = 4; lastKnownFileType = sourcecode.c.h; name = show_ui.h; path = ../../show_ui.h; sourceTree = SOURCE_ROOT; };
		C70D22E00FEEC12200383D23 /* undo.cpp */ = {isa = PBXFileReference; fileEncoding = 4; lastKnownFileType = sourcecode.cpp.cpp; name = undo.cpp; path = ../../undo.cpp; sourceTree = SOURCE_ROOT; };
		C70D22E10FEEC12200383D23 /* undo.h */ = {isa = PBXFileReference; fileEncoding = 4; lastKnownFileType = sourcecode.c.h; name = undo.h; path = ../../undo.h; sourceTree = SOURCE_ROOT; };
		C747FECD10ED734000B7789D /* animate.cpp */ = {isa = PBXFileReference; fileEncoding = 4; lastKnownFileType = sourcecode.cpp.cpp; name = animate.cpp; path = ../../animate.cpp; sourceTree = SOURCE_ROOT; };
		C7D023FE1115F78600212CA4 /* contgram.cpp */ = {isa = PBXFileReference; fileEncoding = 4; lastKnownFileType = sourcecode.cpp.cpp; name = contgram.cpp; path = ../../contgram.cpp; sourceTree = SOURCE_ROOT; };
		C7D024041115F7A300212CA4 /* contscan.cpp */ = {isa = PBXFileReference; fileEncoding = 4; lastKnownFileType = sourcecode.cpp.cpp; name = contscan.cpp; path = ../../contscan.cpp; sourceTree = SOURCE_ROOT; };
/* End PBXFileReference section */

/* Begin PBXFrameworksBuildPhase section */
		8DD76F660486A84900D96B5E /* Frameworks */ = {
			isa = PBXFrameworksBuildPhase;
			buildActionMask = 2147483647;
			files = (
			);
			runOnlyForDeploymentPostprocessing = 0;
		};
/* End PBXFrameworksBuildPhase section */

/* Begin PBXGroup section */
		08FB7794FE84155DC02AAC07 /* calchart */ = {
			isa = PBXGroup;
			children = (
				C7D023F81115F72800212CA4 /* Generated Source */,
				08FB7795FE84155DC02AAC07 /* Source */,
				C6859E8C029090F304C91782 /* Documentation */,
				1AB674ADFE9D54B511CA2CBB /* Products */,
			);
			name = calchart;
			sourceTree = "<group>";
		};
		08FB7795FE84155DC02AAC07 /* Source */ = {
			isa = PBXGroup;
			children = (
				C70D22C20FEEC12200383D23 /* anim_ui.cpp */,
				C70D22C30FEEC12200383D23 /* anim_ui.h */,
				C747FECD10ED734000B7789D /* animate.cpp */,
				C70D22C50FEEC12200383D23 /* animate.h */,
				C70D22C60FEEC12200383D23 /* basic_ui.cpp */,
				C70D22C70FEEC12200383D23 /* basic_ui.h */,
				C70D22C80FEEC12200383D23 /* ccvers.h */,
				C70D22C90FEEC12200383D23 /* confgr.cpp */,
				C70D22CA0FEEC12200383D23 /* confgr.h */,
				C70D22CB0FEEC12200383D23 /* cont.cpp */,
				C70D22CC0FEEC12200383D23 /* cont.h */,
				C70D22CD0FEEC12200383D23 /* cont_ui.cpp */,
				C70D22CE0FEEC12200383D23 /* cont_ui.h */,
				C70D22CF0FEEC12200383D23 /* draw.cpp */,
				C70D22D00FEEC12200383D23 /* ingl.cpp */,
				C70D22D10FEEC12200383D23 /* ingl.h */,
				C70D22D20FEEC12200383D23 /* linmath.h */,
				C70D22D30FEEC12200383D23 /* main_ui.cpp */,
				C70D22D40FEEC12200383D23 /* main_ui.h */,
				C70D22D50FEEC12200383D23 /* modes.cpp */,
				C70D22D60FEEC12200383D23 /* modes.h */,
				C70D22D70FEEC12200383D23 /* parse.h */,
				C70D22D80FEEC12200383D23 /* platconf.h */,
				C70D22D90FEEC12200383D23 /* print.cpp */,
				C70D22DA0FEEC12200383D23 /* print_ui.cpp */,
				C70D22DB0FEEC12200383D23 /* print_ui.h */,
				C70D22DC0FEEC12200383D23 /* show.cpp */,
				C70D22DD0FEEC12200383D23 /* show.h */,
				C70D22DE0FEEC12200383D23 /* show_ui.cpp */,
				C70D22DF0FEEC12200383D23 /* show_ui.h */,
				C70D22E00FEEC12200383D23 /* undo.cpp */,
				C70D22E10FEEC12200383D23 /* undo.h */,
			);
			name = Source;
			sourceTree = "<group>";
		};
		1AB674ADFE9D54B511CA2CBB /* Products */ = {
			isa = PBXGroup;
			children = (
				8DD76F6C0486A84900D96B5E /* calchart */,
			);
			name = Products;
			sourceTree = "<group>";
		};
		C6859E8C029090F304C91782 /* Documentation */ = {
			isa = PBXGroup;
			children = (
				C6859E8B029090EE04C91782 /* calchart.1 */,
			);
			name = Documentation;
			sourceTree = "<group>";
		};
		C7D023F81115F72800212CA4 /* Generated Source */ = {
			isa = PBXGroup;
			children = (
				C7D023FE1115F78600212CA4 /* contgram.cpp */,
				C7D024041115F7A300212CA4 /* contscan.cpp */,
			);
			name = "Generated Source";
			sourceTree = "<group>";
		};
/* End PBXGroup section */

/* Begin PBXNativeTarget section */
		8DD76F620486A84900D96B5E /* calchart */ = {
			isa = PBXNativeTarget;
			buildConfigurationList = 1DEB923108733DC60010E9CD /* Build configuration list for PBXNativeTarget "calchart" */;
			buildPhases = (
				8DD76F640486A84900D96B5E /* Sources */,
				8DD76F660486A84900D96B5E /* Frameworks */,
				8DD76F690486A84900D96B5E /* CopyFiles */,
			);
			buildRules = (
			);
			dependencies = (
			);
			name = calchart;
			productInstallPath = "$(HOME)/bin";
			productName = calchart;
			productReference = 8DD76F6C0486A84900D96B5E /* calchart */;
			productType = "com.apple.product-type.tool";
		};
/* End PBXNativeTarget section */

/* Begin PBXProject section */
		08FB7793FE84155DC02AAC07 /* Project object */ = {
			isa = PBXProject;
			buildConfigurationList = 1DEB923508733DC60010E9CD /* Build configuration list for PBXProject "calchart" */;
			compatibilityVersion = "Xcode 3.1";
			hasScannedForEncodings = 1;
			mainGroup = 08FB7794FE84155DC02AAC07 /* calchart */;
			projectDirPath = "";
			projectRoot = "";
			targets = (
				8DD76F620486A84900D96B5E /* calchart */,
			);
		};
/* End PBXProject section */

/* Begin PBXSourcesBuildPhase section */
		8DD76F640486A84900D96B5E /* Sources */ = {
			isa = PBXSourcesBuildPhase;
			buildActionMask = 2147483647;
			files = (
				C70D22E20FEEC12200383D23 /* anim_ui.cpp in Sources */,
				C70D22E40FEEC12200383D23 /* basic_ui.cpp in Sources */,
				C70D22E50FEEC12200383D23 /* confgr.cpp in Sources */,
				C70D22E60FEEC12200383D23 /* cont.cpp in Sources */,
				C70D22E70FEEC12200383D23 /* cont_ui.cpp in Sources */,
				C70D22E80FEEC12200383D23 /* draw.cpp in Sources */,
				C70D22E90FEEC12200383D23 /* ingl.cpp in Sources */,
				C70D22EA0FEEC12200383D23 /* main_ui.cpp in Sources */,
				C70D22EB0FEEC12200383D23 /* modes.cpp in Sources */,
				C70D22EC0FEEC12200383D23 /* print.cpp in Sources */,
				C70D22ED0FEEC12200383D23 /* print_ui.cpp in Sources */,
				C70D22EE0FEEC12200383D23 /* show.cpp in Sources */,
				C70D22EF0FEEC12200383D23 /* show_ui.cpp in Sources */,
				C70D22F00FEEC12200383D23 /* undo.cpp in Sources */,
				C747FECE10ED734000B7789D /* animate.cpp in Sources */,
				C7D023FF1115F78600212CA4 /* contgram.cpp in Sources */,
				C7D024051115F7A300212CA4 /* contscan.cpp in Sources */,
			);
			runOnlyForDeploymentPostprocessing = 0;
		};
/* End PBXSourcesBuildPhase section */

/* Begin XCBuildConfiguration section */
		1DEB923208733DC60010E9CD /* Debug */ = {
			isa = XCBuildConfiguration;
			buildSettings = {
				ALWAYS_SEARCH_USER_PATHS = NO;
				COPY_PHASE_STRIP = NO;
				GCC_DYNAMIC_NO_PIC = NO;
				GCC_ENABLE_FIX_AND_CONTINUE = YES;
				GCC_MODEL_TUNING = G5;
				GCC_OPTIMIZATION_LEVEL = 0;
				GCC_PREPROCESSOR_DEFINITIONS = (
					__WXMAC__,
					_LARGE_FILES,
					"_FILE_OFFSET_BITS=64",
					"_GLIBCXX_DEBUG=1",
					"_GLIBCXX_DEBUG_PEDANTIC=1",
				);
				HEADER_SEARCH_PATHS = (
					"/opt/local/include/wx-2.8",
					"/opt/local/lib/wx/include/mac-unicode-release-2.8",
				);
				INSTALL_PATH = /usr/local/bin;
				PRODUCT_NAME = calchart;
			};
			name = Debug;
		};
		1DEB923308733DC60010E9CD /* Release */ = {
			isa = XCBuildConfiguration;
			buildSettings = {
				ALWAYS_SEARCH_USER_PATHS = NO;
				DEBUG_INFORMATION_FORMAT = "dwarf-with-dsym";
				GCC_MODEL_TUNING = G5;
				HEADER_SEARCH_PATHS = (
					"/opt/local/include/wx-2.8",
					"/opt/local/lib/wx/include/mac-unicode-release-2.8",
				);
				INSTALL_PATH = /usr/local/bin;
				PRODUCT_NAME = calchart;
			};
			name = Release;
		};
		1DEB923608733DC60010E9CD /* Debug */ = {
			isa = XCBuildConfiguration;
			buildSettings = {
				ARCHS = "$(ARCHS_STANDARD_32_BIT)";
				GCC_C_LANGUAGE_STANDARD = c99;
				GCC_OPTIMIZATION_LEVEL = 0;
				GCC_WARN_ABOUT_RETURN_TYPE = YES;
				GCC_WARN_UNUSED_VARIABLE = YES;
				ONLY_ACTIVE_ARCH = YES;
				OTHER_CPLUSPLUSFLAGS = (
					"-I/usr/lib/wx/include/mac-unicode-debug-2.8",
					"-I/usr/include/wx-2.8",
					"-D_FILE_OFFSET_BITS=64",
					"-D_LARGE_FILES",
					"-D__WXDEBUG__",
					"-D__WXMAC__",
					"$(OTHER_CFLAGS)",
				);
				OTHER_LDFLAGS = (
					"-framework",
					IOKit,
					"-framework",
					Carbon,
					"-framework",
					Cocoa,
					"-framework",
					System,
					"-framework",
					QuickTime,
					"-framework",
					OpenGL,
					"-framework",
					AGL,
					"-lwx_macud-2.8",
				);
				PREBINDING = NO;
			};
			name = Debug;
		};
		1DEB923708733DC60010E9CD /* Release */ = {
			isa = XCBuildConfiguration;
			buildSettings = {
				ARCHS = "$(ARCHS_STANDARD_32_BIT)";
				GCC_C_LANGUAGE_STANDARD = c99;
				GCC_WARN_ABOUT_RETURN_TYPE = YES;
				GCC_WARN_UNUSED_VARIABLE = YES;
				OTHER_CPLUSPLUSFLAGS = (
					"-I/usr/lib/wx/include/mac-unicode-debug-2.8",
					"-I/usr/include/wx-2.8",
					"-D_FILE_OFFSET_BITS=64",
					"-D_LARGE_FILES",
					"-D__WXDEBUG__",
					"-D__WXMAC__",
					"$(OTHER_CFLAGS)",
				);
				OTHER_LDFLAGS = (
					"-framework",
					IOKit,
					"-framework",
					Carbon,
					"-framework",
					Cocoa,
					"-framework",
					System,
					"-framework",
					QuickTime,
					"-framework",
					OpenGL,
					"-framework",
					AGL,
					"-lwx_macud-2.8",
				);
				PREBINDING = NO;
			};
			name = Release;
		};
/* End XCBuildConfiguration section */

/* Begin XCConfigurationList section */
		1DEB923108733DC60010E9CD /* Build configuration list for PBXNativeTarget "calchart" */ = {
			isa = XCConfigurationList;
			buildConfigurations = (
				1DEB923208733DC60010E9CD /* Debug */,
				1DEB923308733DC60010E9CD /* Release */,
			);
			defaultConfigurationIsVisible = 0;
			defaultConfigurationName = Release;
		};
		1DEB923508733DC60010E9CD /* Build configuration list for PBXProject "calchart" */ = {
			isa = XCConfigurationList;
			buildConfigurations = (
				1DEB923608733DC60010E9CD /* Debug */,
				1DEB923708733DC60010E9CD /* Release */,
			);
			defaultConfigurationIsVisible = 0;
			defaultConfigurationName = Release;
		};
/* End XCConfigurationList section */
	};
	rootObject = 08FB7793FE84155DC02AAC07 /* Project object */;
}
