// !$*UTF8*$!
{
	archiveVersion = 1;
	classes = {
	};
	objectVersion = 45;
	objects = {

/* Begin PBXBuildFile section */
		8D11072B0486CEB800E47090 /* InfoPlist.strings in Resources */ = {isa = PBXBuildFile; fileRef = 089C165CFE840E0CC02AAC07 /* InfoPlist.strings */; };
		8D11072F0486CEB800E47090 /* Cocoa.framework in Frameworks */ = {isa = PBXBuildFile; fileRef = 1058C7A1FEA54F0111CA2CBB /* Cocoa.framework */; };
		C75A5FBB1180072C0047B87D /* cc_shapes.cpp in Sources */ = {isa = PBXBuildFile; fileRef = C75A5FB91180072C0047B87D /* cc_shapes.cpp */; };
		C7AFA98E117A6DBA00CC53E2 /* anim_ui.cpp in Sources */ = {isa = PBXBuildFile; fileRef = C7AFA96A117A6DBA00CC53E2 /* anim_ui.cpp */; };
		C7AFA98F117A6DBA00CC53E2 /* animate.cpp in Sources */ = {isa = PBXBuildFile; fileRef = C7AFA96C117A6DBA00CC53E2 /* animate.cpp */; };
		C7AFA990117A6DBA00CC53E2 /* basic_ui.cpp in Sources */ = {isa = PBXBuildFile; fileRef = C7AFA96E117A6DBA00CC53E2 /* basic_ui.cpp */; };
		C7AFA991117A6DBA00CC53E2 /* color_select_ui.cpp in Sources */ = {isa = PBXBuildFile; fileRef = C7AFA971117A6DBA00CC53E2 /* color_select_ui.cpp */; };
		C7AFA992117A6DBA00CC53E2 /* confgr.cpp in Sources */ = {isa = PBXBuildFile; fileRef = C7AFA973117A6DBA00CC53E2 /* confgr.cpp */; };
		C7AFA993117A6DBA00CC53E2 /* cont.cpp in Sources */ = {isa = PBXBuildFile; fileRef = C7AFA975117A6DBA00CC53E2 /* cont.cpp */; };
		C7AFA994117A6DBA00CC53E2 /* cont_ui.cpp in Sources */ = {isa = PBXBuildFile; fileRef = C7AFA977117A6DBA00CC53E2 /* cont_ui.cpp */; };
		C7AFA997117A6DBA00CC53E2 /* draw.cpp in Sources */ = {isa = PBXBuildFile; fileRef = C7AFA97B117A6DBA00CC53E2 /* draw.cpp */; };
		C7AFA998117A6DBA00CC53E2 /* ingl.cpp in Sources */ = {isa = PBXBuildFile; fileRef = C7AFA97C117A6DBA00CC53E2 /* ingl.cpp */; };
		C7AFA999117A6DBA00CC53E2 /* main_ui.cpp in Sources */ = {isa = PBXBuildFile; fileRef = C7AFA97F117A6DBA00CC53E2 /* main_ui.cpp */; };
		C7AFA99A117A6DBA00CC53E2 /* modes.cpp in Sources */ = {isa = PBXBuildFile; fileRef = C7AFA981117A6DBA00CC53E2 /* modes.cpp */; };
		C7AFA99B117A6DBA00CC53E2 /* print.cpp in Sources */ = {isa = PBXBuildFile; fileRef = C7AFA985117A6DBA00CC53E2 /* print.cpp */; };
		C7AFA99C117A6DBA00CC53E2 /* print_ui.cpp in Sources */ = {isa = PBXBuildFile; fileRef = C7AFA986117A6DBA00CC53E2 /* print_ui.cpp */; };
		C7AFA99D117A6DBA00CC53E2 /* show.cpp in Sources */ = {isa = PBXBuildFile; fileRef = C7AFA988117A6DBA00CC53E2 /* show.cpp */; };
		C7AFA99E117A6DBA00CC53E2 /* show_ui.cpp in Sources */ = {isa = PBXBuildFile; fileRef = C7AFA98A117A6DBA00CC53E2 /* show_ui.cpp */; };
		C7AFA99F117A6DBA00CC53E2 /* undo.cpp in Sources */ = {isa = PBXBuildFile; fileRef = C7AFA98C117A6DBA00CC53E2 /* undo.cpp */; };
		C7AFA9A4117A6E7200CC53E2 /* contgram.cpp in Sources */ = {isa = PBXBuildFile; fileRef = C7AFA9A1117A6E7200CC53E2 /* contgram.cpp */; };
		C7AFA9A5117A6E7200CC53E2 /* contscan.cpp in Sources */ = {isa = PBXBuildFile; fileRef = C7AFA9A3117A6E7200CC53E2 /* contscan.cpp */; };
		C7CB75BF114625CF000DBBB6 /* prolog0.ps in Resources */ = {isa = PBXBuildFile; fileRef = C7CB75B8114625C7000DBBB6 /* prolog0.ps */; };
		C7CB75C0114625D8000DBBB6 /* prolog0.ps in CopyFiles */ = {isa = PBXBuildFile; fileRef = C7CB75B8114625C7000DBBB6 /* prolog0.ps */; };
		C7CB75C1114625DF000DBBB6 /* config in Resources */ = {isa = PBXBuildFile; fileRef = C7CB75B7114625C7000DBBB6 /* config */; };
		C7CB75C2114625E0000DBBB6 /* prolog1.ps in Resources */ = {isa = PBXBuildFile; fileRef = C7CB75B9114625C7000DBBB6 /* prolog1.ps */; };
		C7CB75C3114625E1000DBBB6 /* prolog2.ps in Resources */ = {isa = PBXBuildFile; fileRef = C7CB75BA114625C7000DBBB6 /* prolog2.ps */; };
		C7CB75C4114625E1000DBBB6 /* setup0.ps in Resources */ = {isa = PBXBuildFile; fileRef = C7CB75BB114625C7000DBBB6 /* setup0.ps */; };
		C7CB75C5114625E2000DBBB6 /* setup1.ps in Resources */ = {isa = PBXBuildFile; fileRef = C7CB75BC114625C7000DBBB6 /* setup1.ps */; };
		C7CB75C6114625E2000DBBB6 /* setup2.ps in Resources */ = {isa = PBXBuildFile; fileRef = C7CB75BD114625C7000DBBB6 /* setup2.ps */; };
		C7CB75C7114625E3000DBBB6 /* zllrbach.eps in Resources */ = {isa = PBXBuildFile; fileRef = C7CB75BE114625C7000DBBB6 /* zllrbach.eps */; };
		C7CB75C8114625E9000DBBB6 /* config in CopyFiles */ = {isa = PBXBuildFile; fileRef = C7CB75B7114625C7000DBBB6 /* config */; };
		C7CB75C9114625E9000DBBB6 /* prolog1.ps in CopyFiles */ = {isa = PBXBuildFile; fileRef = C7CB75B9114625C7000DBBB6 /* prolog1.ps */; };
		C7CB75CA114625E9000DBBB6 /* prolog2.ps in CopyFiles */ = {isa = PBXBuildFile; fileRef = C7CB75BA114625C7000DBBB6 /* prolog2.ps */; };
		C7CB75CB114625E9000DBBB6 /* setup0.ps in CopyFiles */ = {isa = PBXBuildFile; fileRef = C7CB75BB114625C7000DBBB6 /* setup0.ps */; };
		C7CB75CC114625E9000DBBB6 /* setup1.ps in CopyFiles */ = {isa = PBXBuildFile; fileRef = C7CB75BC114625C7000DBBB6 /* setup1.ps */; };
		C7CB75CD114625E9000DBBB6 /* setup2.ps in CopyFiles */ = {isa = PBXBuildFile; fileRef = C7CB75BD114625C7000DBBB6 /* setup2.ps */; };
		C7CB75CE114625E9000DBBB6 /* zllrbach.eps in CopyFiles */ = {isa = PBXBuildFile; fileRef = C7CB75BE114625C7000DBBB6 /* zllrbach.eps */; };
		C7E8DED3117B6A4C00C9FAC9 /* calchart.icns in Resources */ = {isa = PBXBuildFile; fileRef = C7E8DED2117B6A4C00C9FAC9 /* calchart.icns */; };
/* End PBXBuildFile section */

/* Begin PBXCopyFilesBuildPhase section */
		C7CB7595114624DE000DBBB6 /* CopyFiles */ = {
			isa = PBXCopyFilesBuildPhase;
			buildActionMask = 2147483647;
			dstPath = runtime;
			dstSubfolderSpec = 1;
			files = (
				C7CB75C8114625E9000DBBB6 /* config in CopyFiles */,
				C7CB75C0114625D8000DBBB6 /* prolog0.ps in CopyFiles */,
				C7CB75C9114625E9000DBBB6 /* prolog1.ps in CopyFiles */,
				C7CB75CA114625E9000DBBB6 /* prolog2.ps in CopyFiles */,
				C7CB75CB114625E9000DBBB6 /* setup0.ps in CopyFiles */,
				C7CB75CC114625E9000DBBB6 /* setup1.ps in CopyFiles */,
				C7CB75CD114625E9000DBBB6 /* setup2.ps in CopyFiles */,
				C7CB75CE114625E9000DBBB6 /* zllrbach.eps in CopyFiles */,
			);
			runOnlyForDeploymentPostprocessing = 0;
		};
/* End PBXCopyFilesBuildPhase section */

/* Begin PBXFileReference section */
		089C165DFE840E0CC02AAC07 /* English */ = {isa = PBXFileReference; fileEncoding = 4; lastKnownFileType = text.plist.strings; name = English; path = English.lproj/InfoPlist.strings; sourceTree = "<group>"; };
		1058C7A1FEA54F0111CA2CBB /* Cocoa.framework */ = {isa = PBXFileReference; lastKnownFileType = wrapper.framework; name = Cocoa.framework; path = /System/Library/Frameworks/Cocoa.framework; sourceTree = "<absolute>"; };
		13E42FB307B3F0F600E4EEF1 /* CoreData.framework */ = {isa = PBXFileReference; lastKnownFileType = wrapper.framework; name = CoreData.framework; path = /System/Library/Frameworks/CoreData.framework; sourceTree = "<absolute>"; };
		29B97324FDCFA39411CA2CEA /* AppKit.framework */ = {isa = PBXFileReference; lastKnownFileType = wrapper.framework; name = AppKit.framework; path = /System/Library/Frameworks/AppKit.framework; sourceTree = "<absolute>"; };
		29B97325FDCFA39411CA2CEA /* Foundation.framework */ = {isa = PBXFileReference; lastKnownFileType = wrapper.framework; name = Foundation.framework; path = /System/Library/Frameworks/Foundation.framework; sourceTree = "<absolute>"; };
		8D1107310486CEB800E47090 /* CalChart-Info.plist */ = {isa = PBXFileReference; fileEncoding = 4; lastKnownFileType = text.plist.xml; path = "CalChart-Info.plist"; sourceTree = "<group>"; };
		8D1107320486CEB800E47090 /* CalChart.app */ = {isa = PBXFileReference; explicitFileType = wrapper.application; includeInIndex = 0; path = CalChart.app; sourceTree = BUILT_PRODUCTS_DIR; };
		C75A5FB91180072C0047B87D /* cc_shapes.cpp */ = {isa = PBXFileReference; fileEncoding = 4; lastKnownFileType = sourcecode.cpp.cpp; path = cc_shapes.cpp; sourceTree = "<group>"; };
		C75A5FBA1180072C0047B87D /* cc_shapes.h */ = {isa = PBXFileReference; fileEncoding = 4; lastKnownFileType = sourcecode.c.h; path = cc_shapes.h; sourceTree = "<group>"; };
		C7AFA96A117A6DBA00CC53E2 /* anim_ui.cpp */ = {isa = PBXFileReference; fileEncoding = 4; lastKnownFileType = sourcecode.cpp.cpp; path = anim_ui.cpp; sourceTree = "<group>"; };
		C7AFA96B117A6DBA00CC53E2 /* anim_ui.h */ = {isa = PBXFileReference; fileEncoding = 4; lastKnownFileType = sourcecode.c.h; path = anim_ui.h; sourceTree = "<group>"; };
		C7AFA96C117A6DBA00CC53E2 /* animate.cpp */ = {isa = PBXFileReference; fileEncoding = 4; lastKnownFileType = sourcecode.cpp.cpp; path = animate.cpp; sourceTree = "<group>"; };
		C7AFA96D117A6DBA00CC53E2 /* animate.h */ = {isa = PBXFileReference; fileEncoding = 4; lastKnownFileType = sourcecode.c.h; path = animate.h; sourceTree = "<group>"; };
		C7AFA96E117A6DBA00CC53E2 /* basic_ui.cpp */ = {isa = PBXFileReference; fileEncoding = 4; lastKnownFileType = sourcecode.cpp.cpp; path = basic_ui.cpp; sourceTree = "<group>"; };
		C7AFA96F117A6DBA00CC53E2 /* basic_ui.h */ = {isa = PBXFileReference; fileEncoding = 4; lastKnownFileType = sourcecode.c.h; path = basic_ui.h; sourceTree = "<group>"; };
		C7AFA970117A6DBA00CC53E2 /* ccvers.h */ = {isa = PBXFileReference; fileEncoding = 4; lastKnownFileType = sourcecode.c.h; path = ccvers.h; sourceTree = "<group>"; };
		C7AFA971117A6DBA00CC53E2 /* color_select_ui.cpp */ = {isa = PBXFileReference; fileEncoding = 4; lastKnownFileType = sourcecode.cpp.cpp; path = color_select_ui.cpp; sourceTree = "<group>"; };
		C7AFA972117A6DBA00CC53E2 /* color_select_ui.h */ = {isa = PBXFileReference; fileEncoding = 4; lastKnownFileType = sourcecode.c.h; path = color_select_ui.h; sourceTree = "<group>"; };
		C7AFA973117A6DBA00CC53E2 /* confgr.cpp */ = {isa = PBXFileReference; fileEncoding = 4; lastKnownFileType = sourcecode.cpp.cpp; path = confgr.cpp; sourceTree = "<group>"; };
		C7AFA974117A6DBA00CC53E2 /* confgr.h */ = {isa = PBXFileReference; fileEncoding = 4; lastKnownFileType = sourcecode.c.h; path = confgr.h; sourceTree = "<group>"; };
		C7AFA975117A6DBA00CC53E2 /* cont.cpp */ = {isa = PBXFileReference; fileEncoding = 4; lastKnownFileType = sourcecode.cpp.cpp; path = cont.cpp; sourceTree = "<group>"; };
		C7AFA976117A6DBA00CC53E2 /* cont.h */ = {isa = PBXFileReference; fileEncoding = 4; lastKnownFileType = sourcecode.c.h; path = cont.h; sourceTree = "<group>"; };
		C7AFA977117A6DBA00CC53E2 /* cont_ui.cpp */ = {isa = PBXFileReference; fileEncoding = 4; lastKnownFileType = sourcecode.cpp.cpp; path = cont_ui.cpp; sourceTree = "<group>"; };
		C7AFA978117A6DBA00CC53E2 /* cont_ui.h */ = {isa = PBXFileReference; fileEncoding = 4; lastKnownFileType = sourcecode.c.h; path = cont_ui.h; sourceTree = "<group>"; };
		C7AFA979117A6DBA00CC53E2 /* contgram.y */ = {isa = PBXFileReference; fileEncoding = 4; lastKnownFileType = sourcecode.yacc; path = contgram.y; sourceTree = "<group>"; };
		C7AFA97A117A6DBA00CC53E2 /* contscan.l */ = {isa = PBXFileReference; fileEncoding = 4; lastKnownFileType = sourcecode.lex; path = contscan.l; sourceTree = "<group>"; };
		C7AFA97B117A6DBA00CC53E2 /* draw.cpp */ = {isa = PBXFileReference; fileEncoding = 4; lastKnownFileType = sourcecode.cpp.cpp; path = draw.cpp; sourceTree = "<group>"; };
		C7AFA97C117A6DBA00CC53E2 /* ingl.cpp */ = {isa = PBXFileReference; fileEncoding = 4; lastKnownFileType = sourcecode.cpp.cpp; path = ingl.cpp; sourceTree = "<group>"; };
		C7AFA97D117A6DBA00CC53E2 /* ingl.h */ = {isa = PBXFileReference; fileEncoding = 4; lastKnownFileType = sourcecode.c.h; path = ingl.h; sourceTree = "<group>"; };
		C7AFA97E117A6DBA00CC53E2 /* linmath.h */ = {isa = PBXFileReference; fileEncoding = 4; lastKnownFileType = sourcecode.c.h; path = linmath.h; sourceTree = "<group>"; };
		C7AFA97F117A6DBA00CC53E2 /* main_ui.cpp */ = {isa = PBXFileReference; fileEncoding = 4; lastKnownFileType = sourcecode.cpp.cpp; path = main_ui.cpp; sourceTree = "<group>"; };
		C7AFA980117A6DBA00CC53E2 /* main_ui.h */ = {isa = PBXFileReference; fileEncoding = 4; lastKnownFileType = sourcecode.c.h; path = main_ui.h; sourceTree = "<group>"; };
		C7AFA981117A6DBA00CC53E2 /* modes.cpp */ = {isa = PBXFileReference; fileEncoding = 4; lastKnownFileType = sourcecode.cpp.cpp; path = modes.cpp; sourceTree = "<group>"; };
		C7AFA982117A6DBA00CC53E2 /* modes.h */ = {isa = PBXFileReference; fileEncoding = 4; lastKnownFileType = sourcecode.c.h; path = modes.h; sourceTree = "<group>"; };
		C7AFA983117A6DBA00CC53E2 /* parse.h */ = {isa = PBXFileReference; fileEncoding = 4; lastKnownFileType = sourcecode.c.h; path = parse.h; sourceTree = "<group>"; };
		C7AFA984117A6DBA00CC53E2 /* platconf.h */ = {isa = PBXFileReference; fileEncoding = 4; lastKnownFileType = sourcecode.c.h; path = platconf.h; sourceTree = "<group>"; };
		C7AFA985117A6DBA00CC53E2 /* print.cpp */ = {isa = PBXFileReference; fileEncoding = 4; lastKnownFileType = sourcecode.cpp.cpp; path = print.cpp; sourceTree = "<group>"; };
		C7AFA986117A6DBA00CC53E2 /* print_ui.cpp */ = {isa = PBXFileReference; fileEncoding = 4; lastKnownFileType = sourcecode.cpp.cpp; path = print_ui.cpp; sourceTree = "<group>"; };
		C7AFA987117A6DBA00CC53E2 /* print_ui.h */ = {isa = PBXFileReference; fileEncoding = 4; lastKnownFileType = sourcecode.c.h; path = print_ui.h; sourceTree = "<group>"; };
		C7AFA988117A6DBA00CC53E2 /* show.cpp */ = {isa = PBXFileReference; fileEncoding = 4; lastKnownFileType = sourcecode.cpp.cpp; path = show.cpp; sourceTree = "<group>"; };
		C7AFA989117A6DBA00CC53E2 /* show.h */ = {isa = PBXFileReference; fileEncoding = 4; lastKnownFileType = sourcecode.c.h; path = show.h; sourceTree = "<group>"; };
		C7AFA98A117A6DBA00CC53E2 /* show_ui.cpp */ = {isa = PBXFileReference; fileEncoding = 4; lastKnownFileType = sourcecode.cpp.cpp; path = show_ui.cpp; sourceTree = "<group>"; };
		C7AFA98B117A6DBA00CC53E2 /* show_ui.h */ = {isa = PBXFileReference; fileEncoding = 4; lastKnownFileType = sourcecode.c.h; path = show_ui.h; sourceTree = "<group>"; };
		C7AFA98C117A6DBA00CC53E2 /* undo.cpp */ = {isa = PBXFileReference; fileEncoding = 4; lastKnownFileType = sourcecode.cpp.cpp; path = undo.cpp; sourceTree = "<group>"; };
		C7AFA98D117A6DBA00CC53E2 /* undo.h */ = {isa = PBXFileReference; fileEncoding = 4; lastKnownFileType = sourcecode.c.h; path = undo.h; sourceTree = "<group>"; };
		C7AFA9A1117A6E7200CC53E2 /* contgram.cpp */ = {isa = PBXFileReference; fileEncoding = 4; lastKnownFileType = sourcecode.cpp.cpp; path = contgram.cpp; sourceTree = "<group>"; };
		C7AFA9A2117A6E7200CC53E2 /* contgram.h */ = {isa = PBXFileReference; fileEncoding = 4; lastKnownFileType = sourcecode.c.h; path = contgram.h; sourceTree = "<group>"; };
		C7AFA9A3117A6E7200CC53E2 /* contscan.cpp */ = {isa = PBXFileReference; fileEncoding = 4; lastKnownFileType = sourcecode.cpp.cpp; path = contscan.cpp; sourceTree = "<group>"; };
		C7CB75B6114625C7000DBBB6 /* .cvsignore */ = {isa = PBXFileReference; fileEncoding = 4; lastKnownFileType = text; path = .cvsignore; sourceTree = "<group>"; };
		C7CB75B7114625C7000DBBB6 /* config */ = {isa = PBXFileReference; fileEncoding = 4; lastKnownFileType = text; path = config; sourceTree = "<group>"; };
		C7CB75B8114625C7000DBBB6 /* prolog0.ps */ = {isa = PBXFileReference; fileEncoding = 4; lastKnownFileType = text; path = prolog0.ps; sourceTree = "<group>"; };
		C7CB75B9114625C7000DBBB6 /* prolog1.ps */ = {isa = PBXFileReference; fileEncoding = 4; lastKnownFileType = text; path = prolog1.ps; sourceTree = "<group>"; };
		C7CB75BA114625C7000DBBB6 /* prolog2.ps */ = {isa = PBXFileReference; fileEncoding = 4; lastKnownFileType = text; path = prolog2.ps; sourceTree = "<group>"; };
		C7CB75BB114625C7000DBBB6 /* setup0.ps */ = {isa = PBXFileReference; fileEncoding = 4; lastKnownFileType = text; path = setup0.ps; sourceTree = "<group>"; };
		C7CB75BC114625C7000DBBB6 /* setup1.ps */ = {isa = PBXFileReference; fileEncoding = 4; lastKnownFileType = text; path = setup1.ps; sourceTree = "<group>"; };
		C7CB75BD114625C7000DBBB6 /* setup2.ps */ = {isa = PBXFileReference; fileEncoding = 4; lastKnownFileType = text; path = setup2.ps; sourceTree = "<group>"; };
		C7CB75BE114625C7000DBBB6 /* zllrbach.eps */ = {isa = PBXFileReference; fileEncoding = 4; lastKnownFileType = text; path = zllrbach.eps; sourceTree = "<group>"; };
		C7E8DED2117B6A4C00C9FAC9 /* calchart.icns */ = {isa = PBXFileReference; lastKnownFileType = image.icns; name = calchart.icns; path = ../resources/calchart.icns; sourceTree = SOURCE_ROOT; };
/* End PBXFileReference section */

/* Begin PBXFrameworksBuildPhase section */
		8D11072E0486CEB800E47090 /* Frameworks */ = {
			isa = PBXFrameworksBuildPhase;
			buildActionMask = 2147483647;
			files = (
				8D11072F0486CEB800E47090 /* Cocoa.framework in Frameworks */,
			);
			runOnlyForDeploymentPostprocessing = 0;
		};
/* End PBXFrameworksBuildPhase section */

/* Begin PBXGroup section */
		1058C7A0FEA54F0111CA2CBB /* Linked Frameworks */ = {
			isa = PBXGroup;
			children = (
				1058C7A1FEA54F0111CA2CBB /* Cocoa.framework */,
			);
			name = "Linked Frameworks";
			sourceTree = "<group>";
		};
		1058C7A2FEA54F0111CA2CBB /* Other Frameworks */ = {
			isa = PBXGroup;
			children = (
				29B97324FDCFA39411CA2CEA /* AppKit.framework */,
				13E42FB307B3F0F600E4EEF1 /* CoreData.framework */,
				29B97325FDCFA39411CA2CEA /* Foundation.framework */,
			);
			name = "Other Frameworks";
			sourceTree = "<group>";
		};
		19C28FACFE9D520D11CA2CBB /* Products */ = {
			isa = PBXGroup;
			children = (
				8D1107320486CEB800E47090 /* CalChart.app */,
			);
			name = Products;
			sourceTree = "<group>";
		};
		29B97314FDCFA39411CA2CEA /* CalChart */ = {
			isa = PBXGroup;
			children = (
				C7AFA9A0117A6E7200CC53E2 /* generated */,
				C7AFA969117A6DBA00CC53E2 /* src */,
				C7CB75B5114625C7000DBBB6 /* runtime */,
				29B97317FDCFA39411CA2CEA /* Resources */,
				29B97323FDCFA39411CA2CEA /* Frameworks */,
				19C28FACFE9D520D11CA2CBB /* Products */,
			);
			name = CalChart;
			sourceTree = "<group>";
		};
		29B97317FDCFA39411CA2CEA /* Resources */ = {
			isa = PBXGroup;
			children = (
				C7E8DED2117B6A4C00C9FAC9 /* calchart.icns */,
				8D1107310486CEB800E47090 /* CalChart-Info.plist */,
				089C165CFE840E0CC02AAC07 /* InfoPlist.strings */,
			);
			name = Resources;
			sourceTree = "<group>";
		};
		29B97323FDCFA39411CA2CEA /* Frameworks */ = {
			isa = PBXGroup;
			children = (
				1058C7A0FEA54F0111CA2CBB /* Linked Frameworks */,
				1058C7A2FEA54F0111CA2CBB /* Other Frameworks */,
			);
			name = Frameworks;
			sourceTree = "<group>";
		};
		C7AFA969117A6DBA00CC53E2 /* src */ = {
			isa = PBXGroup;
			children = (
				C7AFA96A117A6DBA00CC53E2 /* anim_ui.cpp */,
				C7AFA96B117A6DBA00CC53E2 /* anim_ui.h */,
				C7AFA96C117A6DBA00CC53E2 /* animate.cpp */,
				C7AFA96D117A6DBA00CC53E2 /* animate.h */,
				C7AFA96E117A6DBA00CC53E2 /* basic_ui.cpp */,
				C7AFA96F117A6DBA00CC53E2 /* basic_ui.h */,
				C7AFA970117A6DBA00CC53E2 /* ccvers.h */,
				C75A5FB91180072C0047B87D /* cc_shapes.cpp */,
				C75A5FBA1180072C0047B87D /* cc_shapes.h */,
				C7AFA971117A6DBA00CC53E2 /* color_select_ui.cpp */,
				C7AFA972117A6DBA00CC53E2 /* color_select_ui.h */,
				C7AFA973117A6DBA00CC53E2 /* confgr.cpp */,
				C7AFA974117A6DBA00CC53E2 /* confgr.h */,
				C7AFA975117A6DBA00CC53E2 /* cont.cpp */,
				C7AFA976117A6DBA00CC53E2 /* cont.h */,
				C7AFA977117A6DBA00CC53E2 /* cont_ui.cpp */,
				C7AFA978117A6DBA00CC53E2 /* cont_ui.h */,
				C7AFA979117A6DBA00CC53E2 /* contgram.y */,
				C7AFA97A117A6DBA00CC53E2 /* contscan.l */,
				C7AFA97B117A6DBA00CC53E2 /* draw.cpp */,
				C7AFA97C117A6DBA00CC53E2 /* ingl.cpp */,
				C7AFA97D117A6DBA00CC53E2 /* ingl.h */,
				C7AFA97E117A6DBA00CC53E2 /* linmath.h */,
				C7AFA97F117A6DBA00CC53E2 /* main_ui.cpp */,
				C7AFA980117A6DBA00CC53E2 /* main_ui.h */,
				C7AFA981117A6DBA00CC53E2 /* modes.cpp */,
				C7AFA982117A6DBA00CC53E2 /* modes.h */,
				C7AFA983117A6DBA00CC53E2 /* parse.h */,
				C7AFA984117A6DBA00CC53E2 /* platconf.h */,
				C7AFA985117A6DBA00CC53E2 /* print.cpp */,
				C7AFA986117A6DBA00CC53E2 /* print_ui.cpp */,
				C7AFA987117A6DBA00CC53E2 /* print_ui.h */,
				C7AFA988117A6DBA00CC53E2 /* show.cpp */,
				C7AFA989117A6DBA00CC53E2 /* show.h */,
				C7AFA98A117A6DBA00CC53E2 /* show_ui.cpp */,
				C7AFA98B117A6DBA00CC53E2 /* show_ui.h */,
				C7AFA98C117A6DBA00CC53E2 /* undo.cpp */,
				C7AFA98D117A6DBA00CC53E2 /* undo.h */,
			);
			name = src;
			path = ../src;
			sourceTree = SOURCE_ROOT;
		};
		C7AFA9A0117A6E7200CC53E2 /* generated */ = {
			isa = PBXGroup;
			children = (
				C7AFA9A1117A6E7200CC53E2 /* contgram.cpp */,
				C7AFA9A2117A6E7200CC53E2 /* contgram.h */,
				C7AFA9A3117A6E7200CC53E2 /* contscan.cpp */,
			);
			name = generated;
			path = ../generated;
			sourceTree = SOURCE_ROOT;
		};
		C7CB75B5114625C7000DBBB6 /* runtime */ = {
			isa = PBXGroup;
			children = (
				C7CB75B6114625C7000DBBB6 /* .cvsignore */,
				C7CB75B7114625C7000DBBB6 /* config */,
				C7CB75B8114625C7000DBBB6 /* prolog0.ps */,
				C7CB75B9114625C7000DBBB6 /* prolog1.ps */,
				C7CB75BA114625C7000DBBB6 /* prolog2.ps */,
				C7CB75BB114625C7000DBBB6 /* setup0.ps */,
				C7CB75BC114625C7000DBBB6 /* setup1.ps */,
				C7CB75BD114625C7000DBBB6 /* setup2.ps */,
				C7CB75BE114625C7000DBBB6 /* zllrbach.eps */,
			);
			name = runtime;
			path = ../runtime;
			sourceTree = SOURCE_ROOT;
		};
/* End PBXGroup section */

/* Begin PBXNativeTarget section */
		8D1107260486CEB800E47090 /* CalChart */ = {
			isa = PBXNativeTarget;
			buildConfigurationList = C01FCF4A08A954540054247B /* Build configuration list for PBXNativeTarget "CalChart" */;
			buildPhases = (
				8D1107290486CEB800E47090 /* Resources */,
				C7CB7595114624DE000DBBB6 /* CopyFiles */,
				8D11072C0486CEB800E47090 /* Sources */,
				8D11072E0486CEB800E47090 /* Frameworks */,
			);
			buildRules = (
			);
			dependencies = (
			);
			name = CalChart;
			productInstallPath = "$(HOME)/Applications";
			productName = CalChart;
			productReference = 8D1107320486CEB800E47090 /* CalChart.app */;
			productType = "com.apple.product-type.application";
		};
/* End PBXNativeTarget section */

/* Begin PBXProject section */
		29B97313FDCFA39411CA2CEA /* Project object */ = {
			isa = PBXProject;
			buildConfigurationList = C01FCF4E08A954540054247B /* Build configuration list for PBXProject "CalChart" */;
			compatibilityVersion = "Xcode 3.1";
			hasScannedForEncodings = 1;
			mainGroup = 29B97314FDCFA39411CA2CEA /* CalChart */;
			projectDirPath = "";
			projectRoot = "";
			targets = (
				8D1107260486CEB800E47090 /* CalChart */,
			);
		};
/* End PBXProject section */

/* Begin PBXResourcesBuildPhase section */
		8D1107290486CEB800E47090 /* Resources */ = {
			isa = PBXResourcesBuildPhase;
			buildActionMask = 2147483647;
			files = (
				8D11072B0486CEB800E47090 /* InfoPlist.strings in Resources */,
				C7CB75BF114625CF000DBBB6 /* prolog0.ps in Resources */,
				C7CB75C1114625DF000DBBB6 /* config in Resources */,
				C7CB75C2114625E0000DBBB6 /* prolog1.ps in Resources */,
				C7CB75C3114625E1000DBBB6 /* prolog2.ps in Resources */,
				C7CB75C4114625E1000DBBB6 /* setup0.ps in Resources */,
				C7CB75C5114625E2000DBBB6 /* setup1.ps in Resources */,
				C7CB75C6114625E2000DBBB6 /* setup2.ps in Resources */,
				C7CB75C7114625E3000DBBB6 /* zllrbach.eps in Resources */,
				C7E8DED3117B6A4C00C9FAC9 /* calchart.icns in Resources */,
			);
			runOnlyForDeploymentPostprocessing = 0;
		};
/* End PBXResourcesBuildPhase section */

/* Begin PBXSourcesBuildPhase section */
		8D11072C0486CEB800E47090 /* Sources */ = {
			isa = PBXSourcesBuildPhase;
			buildActionMask = 2147483647;
			files = (
				C7AFA98E117A6DBA00CC53E2 /* anim_ui.cpp in Sources */,
				C7AFA98F117A6DBA00CC53E2 /* animate.cpp in Sources */,
				C7AFA990117A6DBA00CC53E2 /* basic_ui.cpp in Sources */,
				C7AFA991117A6DBA00CC53E2 /* color_select_ui.cpp in Sources */,
				C7AFA992117A6DBA00CC53E2 /* confgr.cpp in Sources */,
				C7AFA993117A6DBA00CC53E2 /* cont.cpp in Sources */,
				C7AFA994117A6DBA00CC53E2 /* cont_ui.cpp in Sources */,
				C7AFA997117A6DBA00CC53E2 /* draw.cpp in Sources */,
				C7AFA998117A6DBA00CC53E2 /* ingl.cpp in Sources */,
				C7AFA999117A6DBA00CC53E2 /* main_ui.cpp in Sources */,
				C7AFA99A117A6DBA00CC53E2 /* modes.cpp in Sources */,
				C7AFA99B117A6DBA00CC53E2 /* print.cpp in Sources */,
				C7AFA99C117A6DBA00CC53E2 /* print_ui.cpp in Sources */,
				C7AFA99D117A6DBA00CC53E2 /* show.cpp in Sources */,
				C7AFA99E117A6DBA00CC53E2 /* show_ui.cpp in Sources */,
				C7AFA99F117A6DBA00CC53E2 /* undo.cpp in Sources */,
				C7AFA9A4117A6E7200CC53E2 /* contgram.cpp in Sources */,
				C7AFA9A5117A6E7200CC53E2 /* contscan.cpp in Sources */,
				C75A5FBB1180072C0047B87D /* cc_shapes.cpp in Sources */,
			);
			runOnlyForDeploymentPostprocessing = 0;
		};
/* End PBXSourcesBuildPhase section */

/* Begin PBXVariantGroup section */
		089C165CFE840E0CC02AAC07 /* InfoPlist.strings */ = {
			isa = PBXVariantGroup;
			children = (
				089C165DFE840E0CC02AAC07 /* English */,
			);
			name = InfoPlist.strings;
			sourceTree = "<group>";
		};
/* End PBXVariantGroup section */

/* Begin XCBuildConfiguration section */
		C01FCF4B08A954540054247B /* Debug */ = {
			isa = XCBuildConfiguration;
			buildSettings = {
				ALWAYS_SEARCH_USER_PATHS = NO;
				COPY_PHASE_STRIP = NO;
				GCC_DYNAMIC_NO_PIC = NO;
				GCC_ENABLE_FIX_AND_CONTINUE = YES;
				GCC_MODEL_TUNING = G5;
				GCC_OPTIMIZATION_LEVEL = 0;
				GCC_PRECOMPILE_PREFIX_HEADER = YES;
				INFOPLIST_FILE = "CalChart-Info.plist";
				INSTALL_PATH = "$(HOME)/Applications";
				PRODUCT_NAME = CalChart;
			};
			name = Debug;
		};
		C01FCF4C08A954540054247B /* Release */ = {
			isa = XCBuildConfiguration;
			buildSettings = {
				ALWAYS_SEARCH_USER_PATHS = NO;
				DEBUG_INFORMATION_FORMAT = "dwarf-with-dsym";
				GCC_MODEL_TUNING = G5;
				GCC_PRECOMPILE_PREFIX_HEADER = YES;
				INFOPLIST_FILE = "CalChart-Info.plist";
				INSTALL_PATH = "$(HOME)/Applications";
				PRODUCT_NAME = CalChart;
			};
			name = Release;
		};
		C01FCF4F08A954540054247B /* Debug */ = {
			isa = XCBuildConfiguration;
			buildSettings = {
				ARCHS = "$(ARCHS_STANDARD_32_BIT)";
				GCC_C_LANGUAGE_STANDARD = gnu99;
				GCC_OPTIMIZATION_LEVEL = 0;
				GCC_PREPROCESSOR_DEFINITIONS = (
					"_FILE_OFFSET_BITS=64",
					_LARGE_FILES,
					__WXDEBUG__,
					__WXMAC__,
				);
				GCC_WARN_ABOUT_RETURN_TYPE = YES;
				GCC_WARN_UNUSED_VARIABLE = YES;
				HEADER_SEARCH_PATHS = (
					../resources,
					"/usr/include/wx-2.8",
					"/usr/lib/wx/include/mac-unicode-debug-2.8",
				);
				ONLY_ACTIVE_ARCH = YES;
				OTHER_LDFLAGS = "-lwx_macud-2.8";
				PREBINDING = NO;
				SDKROOT = macosx10.5;
				WARNING_CFLAGS = "-Wall";
			};
			name = Debug;
		};
		C01FCF5008A954540054247B /* Release */ = {
			isa = XCBuildConfiguration;
			buildSettings = {
				ARCHS = "$(ARCHS_STANDARD_32_BIT)";
				GCC_C_LANGUAGE_STANDARD = gnu99;
				GCC_PREPROCESSOR_DEFINITIONS = (
					"_FILE_OFFSET_BITS=64",
					_LARGE_FILES,
					__WXDEBUG__,
					__WXMAC__,
				);
				GCC_WARN_ABOUT_RETURN_TYPE = YES;
				GCC_WARN_UNUSED_VARIABLE = YES;
				HEADER_SEARCH_PATHS = (
					../resources,
					"/usr/include/wx-2.8",
					"/usr/lib/wx/include/mac-unicode-debug-2.8",
				);
				OTHER_LDFLAGS = "-lwx_macud-2.8";
				PREBINDING = NO;
				SDKROOT = macosx10.5;
				WARNING_CFLAGS = "-Wall";
			};
			name = Release;
		};
/* End XCBuildConfiguration section */

/* Begin XCConfigurationList section */
		C01FCF4A08A954540054247B /* Build configuration list for PBXNativeTarget "CalChart" */ = {
			isa = XCConfigurationList;
			buildConfigurations = (
				C01FCF4B08A954540054247B /* Debug */,
				C01FCF4C08A954540054247B /* Release */,
			);
			defaultConfigurationIsVisible = 0;
			defaultConfigurationName = Release;
		};
		C01FCF4E08A954540054247B /* Build configuration list for PBXProject "CalChart" */ = {
			isa = XCConfigurationList;
			buildConfigurations = (
				C01FCF4F08A954540054247B /* Debug */,
				C01FCF5008A954540054247B /* Release */,
			);
			defaultConfigurationIsVisible = 0;
			defaultConfigurationName = Release;
		};
/* End XCConfigurationList section */
	};
	rootObject = 29B97313FDCFA39411CA2CEA /* Project object */;
}
