// !$*UTF8*$!
{
	archiveVersion = 1;
	classes = {
	};
	objectVersion = 45;
	objects = {

/* Begin PBXBuildFile section */
		8D11072B0486CEB800E47090 /* InfoPlist.strings in Resources */ = {isa = PBXBuildFile; fileRef = 089C165CFE840E0CC02AAC07 /* InfoPlist.strings */; };
		8D11072F0486CEB800E47090 /* Cocoa.framework in Frameworks */ = {isa = PBXBuildFile; fileRef = 1058C7A1FEA54F0111CA2CBB /* Cocoa.framework */; };
		C77EA0DA1146192B00656227 /* anim_ui.cpp in Sources */ = {isa = PBXBuildFile; fileRef = C77EA0B71146192B00656227 /* anim_ui.cpp */; };
		C77EA0DB1146192B00656227 /* animate.cpp in Sources */ = {isa = PBXBuildFile; fileRef = C77EA0B91146192B00656227 /* animate.cpp */; };
		C77EA0DC1146192B00656227 /* basic_ui.cpp in Sources */ = {isa = PBXBuildFile; fileRef = C77EA0BB1146192B00656227 /* basic_ui.cpp */; };
		C77EA0DD1146192B00656227 /* confgr.cpp in Sources */ = {isa = PBXBuildFile; fileRef = C77EA0BE1146192B00656227 /* confgr.cpp */; };
		C77EA0DE1146192B00656227 /* cont_ui.cpp in Sources */ = {isa = PBXBuildFile; fileRef = C77EA0C01146192B00656227 /* cont_ui.cpp */; };
		C77EA0DF1146192B00656227 /* cont.cpp in Sources */ = {isa = PBXBuildFile; fileRef = C77EA0C21146192B00656227 /* cont.cpp */; };
		C77EA0E01146192B00656227 /* contgram.cpp in Sources */ = {isa = PBXBuildFile; fileRef = C77EA0C41146192B00656227 /* contgram.cpp */; };
		C77EA0E11146192B00656227 /* contscan.cpp in Sources */ = {isa = PBXBuildFile; fileRef = C77EA0C61146192B00656227 /* contscan.cpp */; };
		C77EA0E21146192B00656227 /* draw.cpp in Sources */ = {isa = PBXBuildFile; fileRef = C77EA0C71146192B00656227 /* draw.cpp */; };
		C77EA0E31146192B00656227 /* ingl.cpp in Sources */ = {isa = PBXBuildFile; fileRef = C77EA0C81146192B00656227 /* ingl.cpp */; };
		C77EA0E41146192B00656227 /* main_ui.cpp in Sources */ = {isa = PBXBuildFile; fileRef = C77EA0CB1146192B00656227 /* main_ui.cpp */; };
		C77EA0E51146192B00656227 /* modes.cpp in Sources */ = {isa = PBXBuildFile; fileRef = C77EA0CD1146192B00656227 /* modes.cpp */; };
		C77EA0E61146192B00656227 /* print_ui.cpp in Sources */ = {isa = PBXBuildFile; fileRef = C77EA0D11146192B00656227 /* print_ui.cpp */; };
		C77EA0E71146192B00656227 /* print.cpp in Sources */ = {isa = PBXBuildFile; fileRef = C77EA0D31146192B00656227 /* print.cpp */; };
		C77EA0E81146192B00656227 /* show_ui.cpp in Sources */ = {isa = PBXBuildFile; fileRef = C77EA0D41146192B00656227 /* show_ui.cpp */; };
		C77EA0E91146192B00656227 /* show.cpp in Sources */ = {isa = PBXBuildFile; fileRef = C77EA0D61146192B00656227 /* show.cpp */; };
		C77EA0EA1146192B00656227 /* undo.cpp in Sources */ = {isa = PBXBuildFile; fileRef = C77EA0D81146192B00656227 /* undo.cpp */; };
		C7CB75BF114625CF000DBBB6 /* prolog0.ps in Resources */ = {isa = PBXBuildFile; fileRef = C7CB75B8114625C7000DBBB6 /* prolog0.ps */; };
		C7CB75C0114625D8000DBBB6 /* prolog0.ps in CopyFiles */ = {isa = PBXBuildFile; fileRef = C7CB75B8114625C7000DBBB6 /* prolog0.ps */; };
		C7CB75C1114625DF000DBBB6 /* config in Resources */ = {isa = PBXBuildFile; fileRef = C7CB75B7114625C7000DBBB6 /* config */; };
		C7CB75C2114625E0000DBBB6 /* prolog1.ps in Resources */ = {isa = PBXBuildFile; fileRef = C7CB75B9114625C7000DBBB6 /* prolog1.ps */; };
		C7CB75C3114625E1000DBBB6 /* prolog2.ps in Resources */ = {isa = PBXBuildFile; fileRef = C7CB75BA114625C7000DBBB6 /* prolog2.ps */; };
		C7CB75C4114625E1000DBBB6 /* setup0.ps in Resources */ = {isa = PBXBuildFile; fileRef = C7CB75BB114625C7000DBBB6 /* setup0.ps */; };
		C7CB75C5114625E2000DBBB6 /* setup1.ps in Resources */ = {isa = PBXBuildFile; fileRef = C7CB75BC114625C7000DBBB6 /* setup1.ps */; };
		C7CB75C6114625E2000DBBB6 /* setup2.ps in Resources */ = {isa = PBXBuildFile; fileRef = C7CB75BD114625C7000DBBB6 /* setup2.ps */; };
		C7CB75C7114625E3000DBBB6 /* zllrbach.eps in Resources */ = {isa = PBXBuildFile; fileRef = C7CB75BE114625C7000DBBB6 /* zllrbach.eps */; };
		C7CB75C8114625E9000DBBB6 /* config in CopyFiles */ = {isa = PBXBuildFile; fileRef = C7CB75B7114625C7000DBBB6 /* config */; };
		C7CB75C9114625E9000DBBB6 /* prolog1.ps in CopyFiles */ = {isa = PBXBuildFile; fileRef = C7CB75B9114625C7000DBBB6 /* prolog1.ps */; };
		C7CB75CA114625E9000DBBB6 /* prolog2.ps in CopyFiles */ = {isa = PBXBuildFile; fileRef = C7CB75BA114625C7000DBBB6 /* prolog2.ps */; };
		C7CB75CB114625E9000DBBB6 /* setup0.ps in CopyFiles */ = {isa = PBXBuildFile; fileRef = C7CB75BB114625C7000DBBB6 /* setup0.ps */; };
		C7CB75CC114625E9000DBBB6 /* setup1.ps in CopyFiles */ = {isa = PBXBuildFile; fileRef = C7CB75BC114625C7000DBBB6 /* setup1.ps */; };
		C7CB75CD114625E9000DBBB6 /* setup2.ps in CopyFiles */ = {isa = PBXBuildFile; fileRef = C7CB75BD114625C7000DBBB6 /* setup2.ps */; };
		C7CB75CE114625E9000DBBB6 /* zllrbach.eps in CopyFiles */ = {isa = PBXBuildFile; fileRef = C7CB75BE114625C7000DBBB6 /* zllrbach.eps */; };
/* End PBXBuildFile section */

/* Begin PBXCopyFilesBuildPhase section */
		C7CB7595114624DE000DBBB6 /* CopyFiles */ = {
			isa = PBXCopyFilesBuildPhase;
			buildActionMask = 2147483647;
			dstPath = runtime;
			dstSubfolderSpec = 1;
			files = (
				C7CB75C8114625E9000DBBB6 /* config in CopyFiles */,
				C7CB75C0114625D8000DBBB6 /* prolog0.ps in CopyFiles */,
				C7CB75C9114625E9000DBBB6 /* prolog1.ps in CopyFiles */,
				C7CB75CA114625E9000DBBB6 /* prolog2.ps in CopyFiles */,
				C7CB75CB114625E9000DBBB6 /* setup0.ps in CopyFiles */,
				C7CB75CC114625E9000DBBB6 /* setup1.ps in CopyFiles */,
				C7CB75CD114625E9000DBBB6 /* setup2.ps in CopyFiles */,
				C7CB75CE114625E9000DBBB6 /* zllrbach.eps in CopyFiles */,
			);
			runOnlyForDeploymentPostprocessing = 0;
		};
/* End PBXCopyFilesBuildPhase section */

/* Begin PBXFileReference section */
		089C165DFE840E0CC02AAC07 /* English */ = {isa = PBXFileReference; fileEncoding = 4; lastKnownFileType = text.plist.strings; name = English; path = English.lproj/InfoPlist.strings; sourceTree = "<group>"; };
		1058C7A1FEA54F0111CA2CBB /* Cocoa.framework */ = {isa = PBXFileReference; lastKnownFileType = wrapper.framework; name = Cocoa.framework; path = /System/Library/Frameworks/Cocoa.framework; sourceTree = "<absolute>"; };
		13E42FB307B3F0F600E4EEF1 /* CoreData.framework */ = {isa = PBXFileReference; lastKnownFileType = wrapper.framework; name = CoreData.framework; path = /System/Library/Frameworks/CoreData.framework; sourceTree = "<absolute>"; };
		29B97324FDCFA39411CA2CEA /* AppKit.framework */ = {isa = PBXFileReference; lastKnownFileType = wrapper.framework; name = AppKit.framework; path = /System/Library/Frameworks/AppKit.framework; sourceTree = "<absolute>"; };
		29B97325FDCFA39411CA2CEA /* Foundation.framework */ = {isa = PBXFileReference; lastKnownFileType = wrapper.framework; name = Foundation.framework; path = /System/Library/Frameworks/Foundation.framework; sourceTree = "<absolute>"; };
		8D1107310486CEB800E47090 /* CalChart-Info.plist */ = {isa = PBXFileReference; fileEncoding = 4; lastKnownFileType = text.plist.xml; path = "CalChart-Info.plist"; sourceTree = "<group>"; };
		8D1107320486CEB800E47090 /* CalChart.app */ = {isa = PBXFileReference; explicitFileType = wrapper.application; includeInIndex = 0; path = CalChart.app; sourceTree = BUILT_PRODUCTS_DIR; };
		C77EA0B71146192B00656227 /* anim_ui.cpp */ = {isa = PBXFileReference; fileEncoding = 4; lastKnownFileType = sourcecode.cpp.cpp; name = anim_ui.cpp; path = ../anim_ui.cpp; sourceTree = SOURCE_ROOT; };
		C77EA0B81146192B00656227 /* anim_ui.h */ = {isa = PBXFileReference; fileEncoding = 4; lastKnownFileType = sourcecode.c.h; name = anim_ui.h; path = ../anim_ui.h; sourceTree = SOURCE_ROOT; };
		C77EA0B91146192B00656227 /* animate.cpp */ = {isa = PBXFileReference; fileEncoding = 4; lastKnownFileType = sourcecode.cpp.cpp; name = animate.cpp; path = ../animate.cpp; sourceTree = SOURCE_ROOT; };
		C77EA0BA1146192B00656227 /* animate.h */ = {isa = PBXFileReference; fileEncoding = 4; lastKnownFileType = sourcecode.c.h; name = animate.h; path = ../animate.h; sourceTree = SOURCE_ROOT; };
		C77EA0BB1146192B00656227 /* basic_ui.cpp */ = {isa = PBXFileReference; fileEncoding = 4; lastKnownFileType = sourcecode.cpp.cpp; name = basic_ui.cpp; path = ../basic_ui.cpp; sourceTree = SOURCE_ROOT; };
		C77EA0BC1146192B00656227 /* basic_ui.h */ = {isa = PBXFileReference; fileEncoding = 4; lastKnownFileType = sourcecode.c.h; name = basic_ui.h; path = ../basic_ui.h; sourceTree = SOURCE_ROOT; };
		C77EA0BD1146192B00656227 /* ccvers.h */ = {isa = PBXFileReference; fileEncoding = 4; lastKnownFileType = sourcecode.c.h; name = ccvers.h; path = ../ccvers.h; sourceTree = SOURCE_ROOT; };
		C77EA0BE1146192B00656227 /* confgr.cpp */ = {isa = PBXFileReference; fileEncoding = 4; lastKnownFileType = sourcecode.cpp.cpp; name = confgr.cpp; path = ../confgr.cpp; sourceTree = SOURCE_ROOT; };
		C77EA0BF1146192B00656227 /* confgr.h */ = {isa = PBXFileReference; fileEncoding = 4; lastKnownFileType = sourcecode.c.h; name = confgr.h; path = ../confgr.h; sourceTree = SOURCE_ROOT; };
		C77EA0C01146192B00656227 /* cont_ui.cpp */ = {isa = PBXFileReference; fileEncoding = 4; lastKnownFileType = sourcecode.cpp.cpp; name = cont_ui.cpp; path = ../cont_ui.cpp; sourceTree = SOURCE_ROOT; };
		C77EA0C11146192B00656227 /* cont_ui.h */ = {isa = PBXFileReference; fileEncoding = 4; lastKnownFileType = sourcecode.c.h; name = cont_ui.h; path = ../cont_ui.h; sourceTree = SOURCE_ROOT; };
		C77EA0C21146192B00656227 /* cont.cpp */ = {isa = PBXFileReference; fileEncoding = 4; lastKnownFileType = sourcecode.cpp.cpp; name = cont.cpp; path = ../cont.cpp; sourceTree = SOURCE_ROOT; };
		C77EA0C31146192B00656227 /* cont.h */ = {isa = PBXFileReference; fileEncoding = 4; lastKnownFileType = sourcecode.c.h; name = cont.h; path = ../cont.h; sourceTree = SOURCE_ROOT; };
		C77EA0C41146192B00656227 /* contgram.cpp */ = {isa = PBXFileReference; fileEncoding = 4; lastKnownFileType = sourcecode.cpp.cpp; name = contgram.cpp; path = ../contgram.cpp; sourceTree = SOURCE_ROOT; };
		C77EA0C51146192B00656227 /* contgram.h */ = {isa = PBXFileReference; fileEncoding = 4; lastKnownFileType = sourcecode.c.h; name = contgram.h; path = ../contgram.h; sourceTree = SOURCE_ROOT; };
		C77EA0C61146192B00656227 /* contscan.cpp */ = {isa = PBXFileReference; fileEncoding = 4; lastKnownFileType = sourcecode.cpp.cpp; name = contscan.cpp; path = ../contscan.cpp; sourceTree = SOURCE_ROOT; };
		C77EA0C71146192B00656227 /* draw.cpp */ = {isa = PBXFileReference; fileEncoding = 4; lastKnownFileType = sourcecode.cpp.cpp; name = draw.cpp; path = ../draw.cpp; sourceTree = SOURCE_ROOT; };
		C77EA0C81146192B00656227 /* ingl.cpp */ = {isa = PBXFileReference; fileEncoding = 4; lastKnownFileType = sourcecode.cpp.cpp; name = ingl.cpp; path = ../ingl.cpp; sourceTree = SOURCE_ROOT; };
		C77EA0C91146192B00656227 /* ingl.h */ = {isa = PBXFileReference; fileEncoding = 4; lastKnownFileType = sourcecode.c.h; name = ingl.h; path = ../ingl.h; sourceTree = SOURCE_ROOT; };
		C77EA0CA1146192B00656227 /* linmath.h */ = {isa = PBXFileReference; fileEncoding = 4; lastKnownFileType = sourcecode.c.h; name = linmath.h; path = ../linmath.h; sourceTree = SOURCE_ROOT; };
		C77EA0CB1146192B00656227 /* main_ui.cpp */ = {isa = PBXFileReference; fileEncoding = 4; lastKnownFileType = sourcecode.cpp.cpp; name = main_ui.cpp; path = ../main_ui.cpp; sourceTree = SOURCE_ROOT; };
		C77EA0CC1146192B00656227 /* main_ui.h */ = {isa = PBXFileReference; fileEncoding = 4; lastKnownFileType = sourcecode.c.h; name = main_ui.h; path = ../main_ui.h; sourceTree = SOURCE_ROOT; };
		C77EA0CD1146192B00656227 /* modes.cpp */ = {isa = PBXFileReference; fileEncoding = 4; lastKnownFileType = sourcecode.cpp.cpp; name = modes.cpp; path = ../modes.cpp; sourceTree = SOURCE_ROOT; };
		C77EA0CE1146192B00656227 /* modes.h */ = {isa = PBXFileReference; fileEncoding = 4; lastKnownFileType = sourcecode.c.h; name = modes.h; path = ../modes.h; sourceTree = SOURCE_ROOT; };
		C77EA0CF1146192B00656227 /* parse.h */ = {isa = PBXFileReference; fileEncoding = 4; lastKnownFileType = sourcecode.c.h; name = parse.h; path = ../parse.h; sourceTree = SOURCE_ROOT; };
		C77EA0D01146192B00656227 /* platconf.h */ = {isa = PBXFileReference; fileEncoding = 4; lastKnownFileType = sourcecode.c.h; name = platconf.h; path = ../platconf.h; sourceTree = SOURCE_ROOT; };
		C77EA0D11146192B00656227 /* print_ui.cpp */ = {isa = PBXFileReference; fileEncoding = 4; lastKnownFileType = sourcecode.cpp.cpp; name = print_ui.cpp; path = ../print_ui.cpp; sourceTree = SOURCE_ROOT; };
		C77EA0D21146192B00656227 /* print_ui.h */ = {isa = PBXFileReference; fileEncoding = 4; lastKnownFileType = sourcecode.c.h; name = print_ui.h; path = ../print_ui.h; sourceTree = SOURCE_ROOT; };
		C77EA0D31146192B00656227 /* print.cpp */ = {isa = PBXFileReference; fileEncoding = 4; lastKnownFileType = sourcecode.cpp.cpp; name = print.cpp; path = ../print.cpp; sourceTree = SOURCE_ROOT; };
		C77EA0D41146192B00656227 /* show_ui.cpp */ = {isa = PBXFileReference; fileEncoding = 4; lastKnownFileType = sourcecode.cpp.cpp; name = show_ui.cpp; path = ../show_ui.cpp; sourceTree = SOURCE_ROOT; };
		C77EA0D51146192B00656227 /* show_ui.h */ = {isa = PBXFileReference; fileEncoding = 4; lastKnownFileType = sourcecode.c.h; name = show_ui.h; path = ../show_ui.h; sourceTree = SOURCE_ROOT; };
		C77EA0D61146192B00656227 /* show.cpp */ = {isa = PBXFileReference; fileEncoding = 4; lastKnownFileType = sourcecode.cpp.cpp; name = show.cpp; path = ../show.cpp; sourceTree = SOURCE_ROOT; };
		C77EA0D71146192B00656227 /* show.h */ = {isa = PBXFileReference; fileEncoding = 4; lastKnownFileType = sourcecode.c.h; name = show.h; path = ../show.h; sourceTree = SOURCE_ROOT; };
		C77EA0D81146192B00656227 /* undo.cpp */ = {isa = PBXFileReference; fileEncoding = 4; lastKnownFileType = sourcecode.cpp.cpp; name = undo.cpp; path = ../undo.cpp; sourceTree = SOURCE_ROOT; };
		C77EA0D91146192B00656227 /* undo.h */ = {isa = PBXFileReference; fileEncoding = 4; lastKnownFileType = sourcecode.c.h; name = undo.h; path = ../undo.h; sourceTree = SOURCE_ROOT; };
		C7CB75B6114625C7000DBBB6 /* .cvsignore */ = {isa = PBXFileReference; fileEncoding = 4; lastKnownFileType = text; path = .cvsignore; sourceTree = "<group>"; };
		C7CB75B7114625C7000DBBB6 /* config */ = {isa = PBXFileReference; fileEncoding = 4; lastKnownFileType = text; path = config; sourceTree = "<group>"; };
		C7CB75B8114625C7000DBBB6 /* prolog0.ps */ = {isa = PBXFileReference; fileEncoding = 4; lastKnownFileType = text; path = prolog0.ps; sourceTree = "<group>"; };
		C7CB75B9114625C7000DBBB6 /* prolog1.ps */ = {isa = PBXFileReference; fileEncoding = 4; lastKnownFileType = text; path = prolog1.ps; sourceTree = "<group>"; };
		C7CB75BA114625C7000DBBB6 /* prolog2.ps */ = {isa = PBXFileReference; fileEncoding = 4; lastKnownFileType = text; path = prolog2.ps; sourceTree = "<group>"; };
		C7CB75BB114625C7000DBBB6 /* setup0.ps */ = {isa = PBXFileReference; fileEncoding = 4; lastKnownFileType = text; path = setup0.ps; sourceTree = "<group>"; };
		C7CB75BC114625C7000DBBB6 /* setup1.ps */ = {isa = PBXFileReference; fileEncoding = 4; lastKnownFileType = text; path = setup1.ps; sourceTree = "<group>"; };
		C7CB75BD114625C7000DBBB6 /* setup2.ps */ = {isa = PBXFileReference; fileEncoding = 4; lastKnownFileType = text; path = setup2.ps; sourceTree = "<group>"; };
		C7CB75BE114625C7000DBBB6 /* zllrbach.eps */ = {isa = PBXFileReference; fileEncoding = 4; lastKnownFileType = text; path = zllrbach.eps; sourceTree = "<group>"; };
/* End PBXFileReference section */

/* Begin PBXFrameworksBuildPhase section */
		8D11072E0486CEB800E47090 /* Frameworks */ = {
			isa = PBXFrameworksBuildPhase;
			buildActionMask = 2147483647;
			files = (
				8D11072F0486CEB800E47090 /* Cocoa.framework in Frameworks */,
			);
			runOnlyForDeploymentPostprocessing = 0;
		};
/* End PBXFrameworksBuildPhase section */

/* Begin PBXGroup section */
		1058C7A0FEA54F0111CA2CBB /* Linked Frameworks */ = {
			isa = PBXGroup;
			children = (
				1058C7A1FEA54F0111CA2CBB /* Cocoa.framework */,
			);
			name = "Linked Frameworks";
			sourceTree = "<group>";
		};
		1058C7A2FEA54F0111CA2CBB /* Other Frameworks */ = {
			isa = PBXGroup;
			children = (
				29B97324FDCFA39411CA2CEA /* AppKit.framework */,
				13E42FB307B3F0F600E4EEF1 /* CoreData.framework */,
				29B97325FDCFA39411CA2CEA /* Foundation.framework */,
			);
			name = "Other Frameworks";
			sourceTree = "<group>";
		};
		19C28FACFE9D520D11CA2CBB /* Products */ = {
			isa = PBXGroup;
			children = (
				8D1107320486CEB800E47090 /* CalChart.app */,
			);
			name = Products;
			sourceTree = "<group>";
		};
		29B97314FDCFA39411CA2CEA /* CalChart */ = {
			isa = PBXGroup;
			children = (
				C7CB75B5114625C7000DBBB6 /* runtime */,
				C77EA0B6114618DA00656227 /* Source */,
				29B97317FDCFA39411CA2CEA /* Resources */,
				29B97323FDCFA39411CA2CEA /* Frameworks */,
				19C28FACFE9D520D11CA2CBB /* Products */,
			);
			name = CalChart;
			sourceTree = "<group>";
		};
		29B97317FDCFA39411CA2CEA /* Resources */ = {
			isa = PBXGroup;
			children = (
				8D1107310486CEB800E47090 /* CalChart-Info.plist */,
				089C165CFE840E0CC02AAC07 /* InfoPlist.strings */,
			);
			name = Resources;
			sourceTree = "<group>";
		};
		29B97323FDCFA39411CA2CEA /* Frameworks */ = {
			isa = PBXGroup;
			children = (
				1058C7A0FEA54F0111CA2CBB /* Linked Frameworks */,
				1058C7A2FEA54F0111CA2CBB /* Other Frameworks */,
			);
			name = Frameworks;
			sourceTree = "<group>";
		};
		C77EA0B6114618DA00656227 /* Source */ = {
			isa = PBXGroup;
			children = (
				C77EA0B71146192B00656227 /* anim_ui.cpp */,
				C77EA0B81146192B00656227 /* anim_ui.h */,
				C77EA0B91146192B00656227 /* animate.cpp */,
				C77EA0BA1146192B00656227 /* animate.h */,
				C77EA0BB1146192B00656227 /* basic_ui.cpp */,
				C77EA0BC1146192B00656227 /* basic_ui.h */,
				C77EA0BD1146192B00656227 /* ccvers.h */,
				C77EA0BE1146192B00656227 /* confgr.cpp */,
				C77EA0BF1146192B00656227 /* confgr.h */,
				C77EA0C01146192B00656227 /* cont_ui.cpp */,
				C77EA0C11146192B00656227 /* cont_ui.h */,
				C77EA0C21146192B00656227 /* cont.cpp */,
				C77EA0C31146192B00656227 /* cont.h */,
				C77EA0C41146192B00656227 /* contgram.cpp */,
				C77EA0C51146192B00656227 /* contgram.h */,
				C77EA0C61146192B00656227 /* contscan.cpp */,
				C77EA0C71146192B00656227 /* draw.cpp */,
				C77EA0C81146192B00656227 /* ingl.cpp */,
				C77EA0C91146192B00656227 /* ingl.h */,
				C77EA0CA1146192B00656227 /* linmath.h */,
				C77EA0CB1146192B00656227 /* main_ui.cpp */,
				C77EA0CC1146192B00656227 /* main_ui.h */,
				C77EA0CD1146192B00656227 /* modes.cpp */,
				C77EA0CE1146192B00656227 /* modes.h */,
				C77EA0CF1146192B00656227 /* parse.h */,
				C77EA0D01146192B00656227 /* platconf.h */,
				C77EA0D11146192B00656227 /* print_ui.cpp */,
				C77EA0D21146192B00656227 /* print_ui.h */,
				C77EA0D31146192B00656227 /* print.cpp */,
				C77EA0D41146192B00656227 /* show_ui.cpp */,
				C77EA0D51146192B00656227 /* show_ui.h */,
				C77EA0D61146192B00656227 /* show.cpp */,
				C77EA0D71146192B00656227 /* show.h */,
				C77EA0D81146192B00656227 /* undo.cpp */,
				C77EA0D91146192B00656227 /* undo.h */,
			);
			name = Source;
			sourceTree = "<group>";
		};
		C7CB75B5114625C7000DBBB6 /* runtime */ = {
			isa = PBXGroup;
			children = (
				C7CB75B6114625C7000DBBB6 /* .cvsignore */,
				C7CB75B7114625C7000DBBB6 /* config */,
				C7CB75B8114625C7000DBBB6 /* prolog0.ps */,
				C7CB75B9114625C7000DBBB6 /* prolog1.ps */,
				C7CB75BA114625C7000DBBB6 /* prolog2.ps */,
				C7CB75BB114625C7000DBBB6 /* setup0.ps */,
				C7CB75BC114625C7000DBBB6 /* setup1.ps */,
				C7CB75BD114625C7000DBBB6 /* setup2.ps */,
				C7CB75BE114625C7000DBBB6 /* zllrbach.eps */,
			);
			name = runtime;
			path = ../runtime;
			sourceTree = SOURCE_ROOT;
		};
/* End PBXGroup section */

/* Begin PBXNativeTarget section */
		8D1107260486CEB800E47090 /* CalChart */ = {
			isa = PBXNativeTarget;
			buildConfigurationList = C01FCF4A08A954540054247B /* Build configuration list for PBXNativeTarget "CalChart" */;
			buildPhases = (
				8D1107290486CEB800E47090 /* Resources */,
				C7CB7595114624DE000DBBB6 /* CopyFiles */,
				8D11072C0486CEB800E47090 /* Sources */,
				8D11072E0486CEB800E47090 /* Frameworks */,
			);
			buildRules = (
			);
			dependencies = (
			);
			name = CalChart;
			productInstallPath = "$(HOME)/Applications";
			productName = CalChart;
			productReference = 8D1107320486CEB800E47090 /* CalChart.app */;
			productType = "com.apple.product-type.application";
		};
/* End PBXNativeTarget section */

/* Begin PBXProject section */
		29B97313FDCFA39411CA2CEA /* Project object */ = {
			isa = PBXProject;
			buildConfigurationList = C01FCF4E08A954540054247B /* Build configuration list for PBXProject "CalChart" */;
			compatibilityVersion = "Xcode 3.1";
			hasScannedForEncodings = 1;
			mainGroup = 29B97314FDCFA39411CA2CEA /* CalChart */;
			projectDirPath = "";
			projectRoot = "";
			targets = (
				8D1107260486CEB800E47090 /* CalChart */,
			);
		};
/* End PBXProject section */

/* Begin PBXResourcesBuildPhase section */
		8D1107290486CEB800E47090 /* Resources */ = {
			isa = PBXResourcesBuildPhase;
			buildActionMask = 2147483647;
			files = (
				8D11072B0486CEB800E47090 /* InfoPlist.strings in Resources */,
				C7CB75BF114625CF000DBBB6 /* prolog0.ps in Resources */,
				C7CB75C1114625DF000DBBB6 /* config in Resources */,
				C7CB75C2114625E0000DBBB6 /* prolog1.ps in Resources */,
				C7CB75C3114625E1000DBBB6 /* prolog2.ps in Resources */,
				C7CB75C4114625E1000DBBB6 /* setup0.ps in Resources */,
				C7CB75C5114625E2000DBBB6 /* setup1.ps in Resources */,
				C7CB75C6114625E2000DBBB6 /* setup2.ps in Resources */,
				C7CB75C7114625E3000DBBB6 /* zllrbach.eps in Resources */,
			);
			runOnlyForDeploymentPostprocessing = 0;
		};
/* End PBXResourcesBuildPhase section */

/* Begin PBXSourcesBuildPhase section */
		8D11072C0486CEB800E47090 /* Sources */ = {
			isa = PBXSourcesBuildPhase;
			buildActionMask = 2147483647;
			files = (
				C77EA0DA1146192B00656227 /* anim_ui.cpp in Sources */,
				C77EA0DB1146192B00656227 /* animate.cpp in Sources */,
				C77EA0DC1146192B00656227 /* basic_ui.cpp in Sources */,
				C77EA0DD1146192B00656227 /* confgr.cpp in Sources */,
				C77EA0DE1146192B00656227 /* cont_ui.cpp in Sources */,
				C77EA0DF1146192B00656227 /* cont.cpp in Sources */,
				C77EA0E01146192B00656227 /* contgram.cpp in Sources */,
				C77EA0E11146192B00656227 /* contscan.cpp in Sources */,
				C77EA0E21146192B00656227 /* draw.cpp in Sources */,
				C77EA0E31146192B00656227 /* ingl.cpp in Sources */,
				C77EA0E41146192B00656227 /* main_ui.cpp in Sources */,
				C77EA0E51146192B00656227 /* modes.cpp in Sources */,
				C77EA0E61146192B00656227 /* print_ui.cpp in Sources */,
				C77EA0E71146192B00656227 /* print.cpp in Sources */,
				C77EA0E81146192B00656227 /* show_ui.cpp in Sources */,
				C77EA0E91146192B00656227 /* show.cpp in Sources */,
				C77EA0EA1146192B00656227 /* undo.cpp in Sources */,
			);
			runOnlyForDeploymentPostprocessing = 0;
		};
/* End PBXSourcesBuildPhase section */

/* Begin PBXVariantGroup section */
		089C165CFE840E0CC02AAC07 /* InfoPlist.strings */ = {
			isa = PBXVariantGroup;
			children = (
				089C165DFE840E0CC02AAC07 /* English */,
			);
			name = InfoPlist.strings;
			sourceTree = "<group>";
		};
/* End PBXVariantGroup section */

/* Begin XCBuildConfiguration section */
		C01FCF4B08A954540054247B /* Debug */ = {
			isa = XCBuildConfiguration;
			buildSettings = {
				ALWAYS_SEARCH_USER_PATHS = NO;
				COPY_PHASE_STRIP = NO;
				GCC_DYNAMIC_NO_PIC = NO;
				GCC_ENABLE_FIX_AND_CONTINUE = YES;
				GCC_MODEL_TUNING = G5;
				GCC_OPTIMIZATION_LEVEL = 0;
				GCC_PRECOMPILE_PREFIX_HEADER = YES;
				INFOPLIST_FILE = "CalChart-Info.plist";
				INSTALL_PATH = "$(HOME)/Applications";
				PRODUCT_NAME = CalChart;
			};
			name = Debug;
		};
		C01FCF4C08A954540054247B /* Release */ = {
			isa = XCBuildConfiguration;
			buildSettings = {
				ALWAYS_SEARCH_USER_PATHS = NO;
				DEBUG_INFORMATION_FORMAT = "dwarf-with-dsym";
				GCC_MODEL_TUNING = G5;
				GCC_PRECOMPILE_PREFIX_HEADER = YES;
				INFOPLIST_FILE = "CalChart-Info.plist";
				INSTALL_PATH = "$(HOME)/Applications";
				PRODUCT_NAME = CalChart;
			};
			name = Release;
		};
		C01FCF4F08A954540054247B /* Debug */ = {
			isa = XCBuildConfiguration;
			buildSettings = {
				ARCHS = "$(ARCHS_STANDARD_32_BIT)";
				GCC_C_LANGUAGE_STANDARD = gnu99;
				GCC_OPTIMIZATION_LEVEL = 0;
				GCC_PREPROCESSOR_DEFINITIONS = (
					"_FILE_OFFSET_BITS=64",
					_LARGE_FILES,
					__WXDEBUG__,
					__WXMAC__,
				);
				GCC_WARN_ABOUT_RETURN_TYPE = YES;
				GCC_WARN_UNUSED_VARIABLE = YES;
				HEADER_SEARCH_PATHS = (
					"/usr/include/wx-2.8",
					"/usr/lib/wx/include/mac-unicode-debug-2.8",
				);
				ONLY_ACTIVE_ARCH = YES;
				OTHER_LDFLAGS = "-lwx_macud-2.8";
				PREBINDING = NO;
				SDKROOT = macosx10.6;
			};
			name = Debug;
		};
		C01FCF5008A954540054247B /* Release */ = {
			isa = XCBuildConfiguration;
			buildSettings = {
				ARCHS = "$(ARCHS_STANDARD_32_BIT)";
				GCC_C_LANGUAGE_STANDARD = gnu99;
				GCC_PREPROCESSOR_DEFINITIONS = (
					"_FILE_OFFSET_BITS=64",
					_LARGE_FILES,
					__WXDEBUG__,
					__WXMAC__,
				);
				GCC_WARN_ABOUT_RETURN_TYPE = YES;
				GCC_WARN_UNUSED_VARIABLE = YES;
				HEADER_SEARCH_PATHS = (
					"/usr/include/wx-2.8",
					"/usr/lib/wx/include/mac-unicode-debug-2.8",
				);
				OTHER_LDFLAGS = "-lwx_macud-2.8";
				PREBINDING = NO;
				SDKROOT = macosx10.6;
			};
			name = Release;
		};
/* End XCBuildConfiguration section */

/* Begin XCConfigurationList section */
		C01FCF4A08A954540054247B /* Build configuration list for PBXNativeTarget "CalChart" */ = {
			isa = XCConfigurationList;
			buildConfigurations = (
				C01FCF4B08A954540054247B /* Debug */,
				C01FCF4C08A954540054247B /* Release */,
			);
			defaultConfigurationIsVisible = 0;
			defaultConfigurationName = Release;
		};
		C01FCF4E08A954540054247B /* Build configuration list for PBXProject "CalChart" */ = {
			isa = XCConfigurationList;
			buildConfigurations = (
				C01FCF4F08A954540054247B /* Debug */,
				C01FCF5008A954540054247B /* Release */,
			);
			defaultConfigurationIsVisible = 0;
			defaultConfigurationName = Release;
		};
/* End XCConfigurationList section */
	};
	rootObject = 29B97313FDCFA39411CA2CEA /* Project object */;
}
