// !$*UTF8*$!
{
	archiveVersion = 1;
	classes = {
	};
	objectVersion = 46;
	objects = {

/* Begin PBXBuildFile section */
		8D11072B0486CEB800E47090 /* InfoPlist.strings in Resources */ = {isa = PBXBuildFile; fileRef = 089C165CFE840E0CC02AAC07 /* InfoPlist.strings */; };
		8D11072F0486CEB800E47090 /* Cocoa.framework in Frameworks */ = {isa = PBXBuildFile; fileRef = 1058C7A1FEA54F0111CA2CBB /* Cocoa.framework */; };
		C72E2B091441150400118C03 /* top_frame.cpp in Sources */ = {isa = PBXBuildFile; fileRef = C72E2B071441150400118C03 /* top_frame.cpp */; };
		C72F24BA14D4976E00758A0E /* GLUT.framework in Frameworks */ = {isa = PBXBuildFile; fileRef = C72F24B914D4976E00758A0E /* GLUT.framework */; };
		C74DE4A412EAC0B900A20B8A /* cc_continuity.cpp in Sources */ = {isa = PBXBuildFile; fileRef = C74DE4A212EAC0B900A20B8A /* cc_continuity.cpp */; };
		C75A5FBB1180072C0047B87D /* cc_shapes.cpp in Sources */ = {isa = PBXBuildFile; fileRef = C75A5FB91180072C0047B87D /* cc_shapes.cpp */; };
		C75C5DE712F5E7E200CBFD3A /* cc_point.cpp in Sources */ = {isa = PBXBuildFile; fileRef = C75C5DE512F5E7E200CBFD3A /* cc_point.cpp */; };
		C78241F412BEC69200BE680F /* cc_show.cpp in Sources */ = {isa = PBXBuildFile; fileRef = C78241F212BEC69200BE680F /* cc_show.cpp */; };
		C785A90C14CFC5190038B6FE /* animation_canvas.cpp in Sources */ = {isa = PBXBuildFile; fileRef = C785A90814CFC5180038B6FE /* animation_canvas.cpp */; };
		C785A90D14CFC5190038B6FE /* animation_error.cpp in Sources */ = {isa = PBXBuildFile; fileRef = C785A90A14CFC5180038B6FE /* animation_error.cpp */; };
		C785A91A14D3D6620038B6FE /* cc_omniview_canvas.cpp in Sources */ = {isa = PBXBuildFile; fileRef = C785A91814D3D6620038B6FE /* cc_omniview_canvas.cpp */; };
		C7A845091398E7D8003AD23E /* cc_command.cpp in Sources */ = {isa = PBXBuildFile; fileRef = C7A845071398E7D8003AD23E /* cc_command.cpp */; };
		C7A8451C1398E8D5003AD23E /* cc_preferences_ui.cpp in Sources */ = {isa = PBXBuildFile; fileRef = C7A8451A1398E8D5003AD23E /* cc_preferences_ui.cpp */; };
		C7AC49B014CCD51F00506C76 /* animation_frame.cpp in Sources */ = {isa = PBXBuildFile; fileRef = C7AC49AE14CCD51F00506C76 /* animation_frame.cpp */; };
		C7AFA98E117A6DBA00CC53E2 /* anim_ui.cpp in Sources */ = {isa = PBXBuildFile; fileRef = C7AFA96A117A6DBA00CC53E2 /* anim_ui.cpp */; };
		C7AFA98F117A6DBA00CC53E2 /* animate.cpp in Sources */ = {isa = PBXBuildFile; fileRef = C7AFA96C117A6DBA00CC53E2 /* animate.cpp */; };
		C7AFA990117A6DBA00CC53E2 /* basic_ui.cpp in Sources */ = {isa = PBXBuildFile; fileRef = C7AFA96E117A6DBA00CC53E2 /* basic_ui.cpp */; };
		C7AFA992117A6DBA00CC53E2 /* confgr.cpp in Sources */ = {isa = PBXBuildFile; fileRef = C7AFA973117A6DBA00CC53E2 /* confgr.cpp */; };
		C7AFA993117A6DBA00CC53E2 /* cont.cpp in Sources */ = {isa = PBXBuildFile; fileRef = C7AFA975117A6DBA00CC53E2 /* cont.cpp */; };
		C7AFA994117A6DBA00CC53E2 /* cont_ui.cpp in Sources */ = {isa = PBXBuildFile; fileRef = C7AFA977117A6DBA00CC53E2 /* cont_ui.cpp */; };
		C7AFA997117A6DBA00CC53E2 /* draw.cpp in Sources */ = {isa = PBXBuildFile; fileRef = C7AFA97B117A6DBA00CC53E2 /* draw.cpp */; };
		C7AFA999117A6DBA00CC53E2 /* main_ui.cpp in Sources */ = {isa = PBXBuildFile; fileRef = C7AFA97F117A6DBA00CC53E2 /* main_ui.cpp */; };
		C7AFA99A117A6DBA00CC53E2 /* modes.cpp in Sources */ = {isa = PBXBuildFile; fileRef = C7AFA981117A6DBA00CC53E2 /* modes.cpp */; };
		C7AFA99B117A6DBA00CC53E2 /* print.cpp in Sources */ = {isa = PBXBuildFile; fileRef = C7AFA985117A6DBA00CC53E2 /* print.cpp */; };
		C7AFA99C117A6DBA00CC53E2 /* print_ui.cpp in Sources */ = {isa = PBXBuildFile; fileRef = C7AFA986117A6DBA00CC53E2 /* print_ui.cpp */; };
		C7AFA99D117A6DBA00CC53E2 /* show.cpp in Sources */ = {isa = PBXBuildFile; fileRef = C7AFA988117A6DBA00CC53E2 /* show.cpp */; };
		C7AFA99E117A6DBA00CC53E2 /* show_ui.cpp in Sources */ = {isa = PBXBuildFile; fileRef = C7AFA98A117A6DBA00CC53E2 /* show_ui.cpp */; };
		C7AFA9A4117A6E7200CC53E2 /* contgram.cpp in Sources */ = {isa = PBXBuildFile; fileRef = C7AFA9A1117A6E7200CC53E2 /* contgram.cpp */; };
		C7AFA9A5117A6E7200CC53E2 /* contscan.cpp in Sources */ = {isa = PBXBuildFile; fileRef = C7AFA9A3117A6E7200CC53E2 /* contscan.cpp */; };
		C7B669761474E20300E28B63 /* background_image.cpp in Sources */ = {isa = PBXBuildFile; fileRef = C7B669741474E20300E28B63 /* background_image.cpp */; };
		C7BFBCFB14722689002385FB /* animatecommand.cpp in Sources */ = {isa = PBXBuildFile; fileRef = C7BFBCF914722689002385FB /* animatecommand.cpp */; };
		C7C5FBD21479B356004E5C5B /* IOKit.framework in Frameworks */ = {isa = PBXBuildFile; fileRef = C7C5FBD11479B356004E5C5B /* IOKit.framework */; };
		C7C5FBD41479B367004E5C5B /* Carbon.framework in Frameworks */ = {isa = PBXBuildFile; fileRef = C7C5FBD31479B367004E5C5B /* Carbon.framework */; };
		C7C5FBD61479B372004E5C5B /* AudioToolbox.framework in Frameworks */ = {isa = PBXBuildFile; fileRef = C7C5FBD51479B372004E5C5B /* AudioToolbox.framework */; };
		C7C5FBD81479B385004E5C5B /* OpenGL.framework in Frameworks */ = {isa = PBXBuildFile; fileRef = C7C5FBD71479B385004E5C5B /* OpenGL.framework */; };
		C7C5FBDA1479B39A004E5C5B /* QuickTime.framework in Frameworks */ = {isa = PBXBuildFile; fileRef = C7C5FBD91479B39A004E5C5B /* QuickTime.framework */; };
		C7C5FBDC1479B3F8004E5C5B /* WebKit.framework in Frameworks */ = {isa = PBXBuildFile; fileRef = C7C5FBDB1479B3F8004E5C5B /* WebKit.framework */; };
		C7D177EA13B1A83700F65F4C /* charthlp_macosxinstall.html in Copy Docs */ = {isa = PBXBuildFile; fileRef = C7D177DE13B1A7E500F65F4C /* charthlp_macosxinstall.html */; };
		C7D177EB13B1A83700F65F4C /* charthlp_macosxprinter.html in Copy Docs */ = {isa = PBXBuildFile; fileRef = C7D177DF13B1A7E500F65F4C /* charthlp_macosxprinter.html */; };
		C7D1782513B7C6E800F65F4C /* charthlp_geniusmove.html in Copy Docs */ = {isa = PBXBuildFile; fileRef = C7D1781E13B7C6E800F65F4C /* charthlp_geniusmove.html */; };
		C7D1782613B7C6E800F65F4C /* charthlp_movepointsintoaline.html in Copy Docs */ = {isa = PBXBuildFile; fileRef = C7D1781F13B7C6E800F65F4C /* charthlp_movepointsintoaline.html */; };
		C7D1782713B7C6E800F65F4C /* charthlp_reflectblock.html in Copy Docs */ = {isa = PBXBuildFile; fileRef = C7D1782013B7C6E800F65F4C /* charthlp_reflectblock.html */; };
		C7D1782813B7C6E800F65F4C /* charthlp_resizeblock.html in Copy Docs */ = {isa = PBXBuildFile; fileRef = C7D1782113B7C6E800F65F4C /* charthlp_resizeblock.html */; };
		C7D1782913B7C6E800F65F4C /* charthlp_rotateblock.html in Copy Docs */ = {isa = PBXBuildFile; fileRef = C7D1782213B7C6E800F65F4C /* charthlp_rotateblock.html */; };
		C7D1782A13B7C6E800F65F4C /* charthlp_shearblock.html in Copy Docs */ = {isa = PBXBuildFile; fileRef = C7D1782313B7C6E800F65F4C /* charthlp_shearblock.html */; };
		C7D1782B13B7C6E800F65F4C /* charthlp_translatepoints.html in Copy Docs */ = {isa = PBXBuildFile; fileRef = C7D1782413B7C6E800F65F4C /* charthlp_translatepoints.html */; };
		C7D4E2C411D087CD007D3587 /* calchartapp.cpp in Sources */ = {isa = PBXBuildFile; fileRef = C7D4E2C211D087CD007D3587 /* calchartapp.cpp */; };
		C7E8DED3117B6A4C00C9FAC9 /* calchart.icns in Resources */ = {isa = PBXBuildFile; fileRef = C7E8DED2117B6A4C00C9FAC9 /* calchart.icns */; };
		C7EC032911D9AD0E0043B2FD /* cc_sheet.cpp in Sources */ = {isa = PBXBuildFile; fileRef = C7EC032711D9AD0E0043B2FD /* cc_sheet.cpp */; };
		C7ED502511CD5A51001A4FA2 /* back.gif in Copy Docs */ = {isa = PBXBuildFile; fileRef = C7ED4FC811CD594E001A4FA2 /* back.gif */; };
		C7ED502811CD5A51001A4FA2 /* charthlp.con in Copy Docs */ = {isa = PBXBuildFile; fileRef = C7ED4FCB11CD594E001A4FA2 /* charthlp.con */; };
		C7ED502911CD5A51001A4FA2 /* charthlp.hhc in Copy Docs */ = {isa = PBXBuildFile; fileRef = C7ED4FCC11CD594E001A4FA2 /* charthlp.hhc */; };
		C7ED502A11CD5A51001A4FA2 /* charthlp.hhk in Copy Docs */ = {isa = PBXBuildFile; fileRef = C7ED4FCD11CD594E001A4FA2 /* charthlp.hhk */; };
		C7ED502B11CD5A51001A4FA2 /* charthlp.hhp in Copy Docs */ = {isa = PBXBuildFile; fileRef = C7ED4FCE11CD594E001A4FA2 /* charthlp.hhp */; };
		C7ED502D11CD5A51001A4FA2 /* charthlp.ref in Copy Docs */ = {isa = PBXBuildFile; fileRef = C7ED4FD011CD594E001A4FA2 /* charthlp.ref */; };
		C7ED503011CD5A51001A4FA2 /* charthlp_acknowledge.html in Copy Docs */ = {isa = PBXBuildFile; fileRef = C7ED4FD311CD594E001A4FA2 /* charthlp_acknowledge.html */; };
		C7ED503211CD5A51001A4FA2 /* charthlp_animcont.html in Copy Docs */ = {isa = PBXBuildFile; fileRef = C7ED4FD511CD594E001A4FA2 /* charthlp_animcont.html */; };
		C7ED503311CD5A51001A4FA2 /* charthlp_animwin.html in Copy Docs */ = {isa = PBXBuildFile; fileRef = C7ED4FD611CD594E001A4FA2 /* charthlp_animwin.html */; };
		C7ED503411CD5A51001A4FA2 /* charthlp_basics.html in Copy Docs */ = {isa = PBXBuildFile; fileRef = C7ED4FD711CD594E001A4FA2 /* charthlp_basics.html */; };
		C7ED503511CD5A51001A4FA2 /* charthlp_blam.html in Copy Docs */ = {isa = PBXBuildFile; fileRef = C7ED4FD811CD594E001A4FA2 /* charthlp_blam.html */; };
		C7ED503611CD5A51001A4FA2 /* charthlp_bugs.html in Copy Docs */ = {isa = PBXBuildFile; fileRef = C7ED4FD911CD594E001A4FA2 /* charthlp_bugs.html */; };
		C7ED503711CD5A51001A4FA2 /* charthlp_close.html in Copy Docs */ = {isa = PBXBuildFile; fileRef = C7ED4FDA11CD594E001A4FA2 /* charthlp_close.html */; };
		C7ED503811CD5A51001A4FA2 /* charthlp_comments.html in Copy Docs */ = {isa = PBXBuildFile; fileRef = C7ED4FDB11CD594E001A4FA2 /* charthlp_comments.html */; };
		C7ED503911CD5A51001A4FA2 /* charthlp_contents.html in Copy Docs */ = {isa = PBXBuildFile; fileRef = C7ED4FDC11CD594E001A4FA2 /* charthlp_contents.html */; };
		C7ED503A11CD5A51001A4FA2 /* charthlp_copyright.html in Copy Docs */ = {isa = PBXBuildFile; fileRef = C7ED4FDD11CD594E001A4FA2 /* charthlp_copyright.html */; };
		C7ED503B11CD5A51001A4FA2 /* charthlp_countermarch.html in Copy Docs */ = {isa = PBXBuildFile; fileRef = C7ED4FDE11CD594E001A4FA2 /* charthlp_countermarch.html */; };
		C7ED503C11CD5A51001A4FA2 /* charthlp_dir.html in Copy Docs */ = {isa = PBXBuildFile; fileRef = C7ED4FDF11CD594E001A4FA2 /* charthlp_dir.html */; };
		C7ED503D11CD5A51001A4FA2 /* charthlp_directions.html in Copy Docs */ = {isa = PBXBuildFile; fileRef = C7ED4FE011CD594E001A4FA2 /* charthlp_directions.html */; };
		C7ED503E11CD5A51001A4FA2 /* charthlp_dirfrom.html in Copy Docs */ = {isa = PBXBuildFile; fileRef = C7ED4FE111CD594E001A4FA2 /* charthlp_dirfrom.html */; };
		C7ED503F11CD5A51001A4FA2 /* charthlp_dist.html in Copy Docs */ = {isa = PBXBuildFile; fileRef = C7ED4FE211CD594E001A4FA2 /* charthlp_dist.html */; };
		C7ED504011CD5A51001A4FA2 /* charthlp_distfrom.html in Copy Docs */ = {isa = PBXBuildFile; fileRef = C7ED4FE311CD594E001A4FA2 /* charthlp_distfrom.html */; };
		C7ED504111CD5A51001A4FA2 /* charthlp_dmcm.html in Copy Docs */ = {isa = PBXBuildFile; fileRef = C7ED4FE411CD594E001A4FA2 /* charthlp_dmcm.html */; };
		C7ED504211CD5A51001A4FA2 /* charthlp_dmhs.html in Copy Docs */ = {isa = PBXBuildFile; fileRef = C7ED4FE511CD594E001A4FA2 /* charthlp_dmhs.html */; };
		C7ED504311CD5A51001A4FA2 /* charthlp_easyinstall.html in Copy Docs */ = {isa = PBXBuildFile; fileRef = C7ED4FE611CD594E001A4FA2 /* charthlp_easyinstall.html */; };
		C7ED504411CD5A51001A4FA2 /* charthlp_editcont.html in Copy Docs */ = {isa = PBXBuildFile; fileRef = C7ED4FE711CD594E001A4FA2 /* charthlp_editcont.html */; };
		C7ED504511CD5A51001A4FA2 /* charthlp_either.html in Copy Docs */ = {isa = PBXBuildFile; fileRef = C7ED4FE811CD594E001A4FA2 /* charthlp_either.html */; };
		C7ED504611CD5A51001A4FA2 /* charthlp_even.html in Copy Docs */ = {isa = PBXBuildFile; fileRef = C7ED4FE911CD594E001A4FA2 /* charthlp_even.html */; };
		C7ED504711CD5A51001A4FA2 /* charthlp_ewns.html in Copy Docs */ = {isa = PBXBuildFile; fileRef = C7ED4FEA11CD594E001A4FA2 /* charthlp_ewns.html */; };
		C7ED504811CD5A51001A4FA2 /* charthlp_fm.html in Copy Docs */ = {isa = PBXBuildFile; fileRef = C7ED4FEB11CD594E001A4FA2 /* charthlp_fm.html */; };
		C7ED504911CD5A51001A4FA2 /* charthlp_fmto.html in Copy Docs */ = {isa = PBXBuildFile; fileRef = C7ED4FEC11CD594E001A4FA2 /* charthlp_fmto.html */; };
		C7ED504A11CD5A51001A4FA2 /* charthlp_fountain.html in Copy Docs */ = {isa = PBXBuildFile; fileRef = C7ED4FED11CD594E001A4FA2 /* charthlp_fountain.html */; };
		C7ED504B11CD5A51001A4FA2 /* charthlp_functions.html in Copy Docs */ = {isa = PBXBuildFile; fileRef = C7ED4FEE11CD594E001A4FA2 /* charthlp_functions.html */; };
		C7ED504C11CD5A51001A4FA2 /* charthlp_future.html in Copy Docs */ = {isa = PBXBuildFile; fileRef = C7ED4FEF11CD594E001A4FA2 /* charthlp_future.html */; };
		C7ED504D11CD5A51001A4FA2 /* charthlp_gpl.html in Copy Docs */ = {isa = PBXBuildFile; fileRef = C7ED4FF011CD594E001A4FA2 /* charthlp_gpl.html */; };
		C7ED504E11CD5A51001A4FA2 /* charthlp_grid.html in Copy Docs */ = {isa = PBXBuildFile; fileRef = C7ED4FF111CD594E001A4FA2 /* charthlp_grid.html */; };
		C7ED504F11CD5A51001A4FA2 /* charthlp_hscm.html in Copy Docs */ = {isa = PBXBuildFile; fileRef = C7ED4FF211CD594E001A4FA2 /* charthlp_hscm.html */; };
		C7ED505011CD5A51001A4FA2 /* charthlp_hsdm.html in Copy Docs */ = {isa = PBXBuildFile; fileRef = C7ED4FF311CD594E001A4FA2 /* charthlp_hsdm.html */; };
		C7ED505111CD5A51001A4FA2 /* charthlp_installing.html in Copy Docs */ = {isa = PBXBuildFile; fileRef = C7ED4FF411CD594E001A4FA2 /* charthlp_installing.html */; };
		C7ED505211CD5A51001A4FA2 /* charthlp_magic.html in Copy Docs */ = {isa = PBXBuildFile; fileRef = C7ED4FF511CD594E001A4FA2 /* charthlp_magic.html */; };
		C7ED505311CD5A51001A4FA2 /* charthlp_march.html in Copy Docs */ = {isa = PBXBuildFile; fileRef = C7ED4FF611CD594E001A4FA2 /* charthlp_march.html */; };
		C7ED505511CD5A51001A4FA2 /* charthlp_movement.html in Copy Docs */ = {isa = PBXBuildFile; fileRef = C7ED4FF811CD594E001A4FA2 /* charthlp_movement.html */; };
		C7ED505611CD5A51001A4FA2 /* charthlp_mt.html in Copy Docs */ = {isa = PBXBuildFile; fileRef = C7ED4FF911CD594E001A4FA2 /* charthlp_mt.html */; };
		C7ED505711CD5A51001A4FA2 /* charthlp_mtrm.html in Copy Docs */ = {isa = PBXBuildFile; fileRef = C7ED4FFA11CD594E001A4FA2 /* charthlp_mtrm.html */; };
		C7ED505811CD5A51001A4FA2 /* charthlp_newshow.html in Copy Docs */ = {isa = PBXBuildFile; fileRef = C7ED4FFB11CD594E001A4FA2 /* charthlp_newshow.html */; };
		C7ED505911CD5A51001A4FA2 /* charthlp_notdone.html in Copy Docs */ = {isa = PBXBuildFile; fileRef = C7ED4FFC11CD594E001A4FA2 /* charthlp_notdone.html */; };
		C7ED505A11CD5A51001A4FA2 /* charthlp_nsew.html in Copy Docs */ = {isa = PBXBuildFile; fileRef = C7ED4FFD11CD594E001A4FA2 /* charthlp_nsew.html */; };
		C7ED505B11CD5A51001A4FA2 /* charthlp_numbers.html in Copy Docs */ = {isa = PBXBuildFile; fileRef = C7ED4FFE11CD594E001A4FA2 /* charthlp_numbers.html */; };
		C7ED505C11CD5A51001A4FA2 /* charthlp_obtaining.html in Copy Docs */ = {isa = PBXBuildFile; fileRef = C7ED4FFF11CD594E001A4FA2 /* charthlp_obtaining.html */; };
		C7ED505D11CD5A51001A4FA2 /* charthlp_opp.html in Copy Docs */ = {isa = PBXBuildFile; fileRef = C7ED500011CD594E001A4FA2 /* charthlp_opp.html */; };
		C7ED505E11CD5A51001A4FA2 /* charthlp_overview.html in Copy Docs */ = {isa = PBXBuildFile; fileRef = C7ED500111CD594E001A4FA2 /* charthlp_overview.html */; };
		C7ED505F11CD5A51001A4FA2 /* charthlp_pcontcodes.html in Copy Docs */ = {isa = PBXBuildFile; fileRef = C7ED500211CD594E001A4FA2 /* charthlp_pcontcodes.html */; };
		C7ED506011CD5A51001A4FA2 /* charthlp_points.html in Copy Docs */ = {isa = PBXBuildFile; fileRef = C7ED500311CD594E001A4FA2 /* charthlp_points.html */; };
		C7ED506111CD5A51001A4FA2 /* charthlp_printcont.html in Copy Docs */ = {isa = PBXBuildFile; fileRef = C7ED500411CD594E001A4FA2 /* charthlp_printcont.html */; };
		C7ED506211CD5A51001A4FA2 /* charthlp_problems.html in Copy Docs */ = {isa = PBXBuildFile; fileRef = C7ED500511CD594E001A4FA2 /* charthlp_problems.html */; };
		C7ED506311CD5A51001A4FA2 /* charthlp_procedures.html in Copy Docs */ = {isa = PBXBuildFile; fileRef = C7ED500611CD594E001A4FA2 /* charthlp_procedures.html */; };
		C7ED506411CD5A51001A4FA2 /* charthlp_refer.html in Copy Docs */ = {isa = PBXBuildFile; fileRef = C7ED500711CD594E001A4FA2 /* charthlp_refer.html */; };
		C7ED506511CD5A51001A4FA2 /* charthlp_refpoints.html in Copy Docs */ = {isa = PBXBuildFile; fileRef = C7ED500811CD594E001A4FA2 /* charthlp_refpoints.html */; };
		C7ED506611CD5A51001A4FA2 /* charthlp_reportingbugs.html in Copy Docs */ = {isa = PBXBuildFile; fileRef = C7ED500911CD594E001A4FA2 /* charthlp_reportingbugs.html */; };
		C7ED506711CD5A51001A4FA2 /* charthlp_rotate.html in Copy Docs */ = {isa = PBXBuildFile; fileRef = C7ED500A11CD594E001A4FA2 /* charthlp_rotate.html */; };
		C7ED506811CD5A51001A4FA2 /* charthlp_software.html in Copy Docs */ = {isa = PBXBuildFile; fileRef = C7ED500B11CD594E001A4FA2 /* charthlp_software.html */; };
		C7ED506911CD5A51001A4FA2 /* charthlp_step.html in Copy Docs */ = {isa = PBXBuildFile; fileRef = C7ED500C11CD594E001A4FA2 /* charthlp_step.html */; };
		C7ED506A11CD5A51001A4FA2 /* charthlp_steps.html in Copy Docs */ = {isa = PBXBuildFile; fileRef = C7ED500D11CD594E001A4FA2 /* charthlp_steps.html */; };
		C7ED506B11CD5A51001A4FA2 /* charthlp_stepsizes.html in Copy Docs */ = {isa = PBXBuildFile; fileRef = C7ED500E11CD594E001A4FA2 /* charthlp_stepsizes.html */; };
		C7ED506C11CD5A51001A4FA2 /* charthlp_symbols.html in Copy Docs */ = {isa = PBXBuildFile; fileRef = C7ED500F11CD594E001A4FA2 /* charthlp_symbols.html */; };
		C7ED506D11CD5A51001A4FA2 /* charthlp_topic0.html in Copy Docs */ = {isa = PBXBuildFile; fileRef = C7ED501011CD594E001A4FA2 /* charthlp_topic0.html */; };
		C7ED507111CD5A51001A4FA2 /* charthlp_variables.html in Copy Docs */ = {isa = PBXBuildFile; fileRef = C7ED501411CD594E001A4FA2 /* charthlp_variables.html */; };
		C7ED507211CD5A51001A4FA2 /* charthlp_wininstall.html in Copy Docs */ = {isa = PBXBuildFile; fileRef = C7ED501511CD594E001A4FA2 /* charthlp_wininstall.html */; };
		C7ED507311CD5A51001A4FA2 /* charthlp_winprinter.html in Copy Docs */ = {isa = PBXBuildFile; fileRef = C7ED501611CD594E001A4FA2 /* charthlp_winprinter.html */; };
		C7ED507411CD5A51001A4FA2 /* contents.gif in Copy Docs */ = {isa = PBXBuildFile; fileRef = C7ED501711CD594E001A4FA2 /* contents.gif */; };
		C7ED507511CD5A51001A4FA2 /* forward.gif in Copy Docs */ = {isa = PBXBuildFile; fileRef = C7ED501811CD594E001A4FA2 /* forward.gif */; };
		C7ED507D11CD5A51001A4FA2 /* up.gif in Copy Docs */ = {isa = PBXBuildFile; fileRef = C7ED502011CD594E001A4FA2 /* up.gif */; };
		C7FC7B7E130746C100F22854 /* cc_coord.cpp in Sources */ = {isa = PBXBuildFile; fileRef = C7FC7B7C130746C100F22854 /* cc_coord.cpp */; };
/* End PBXBuildFile section */

/* Begin PBXCopyFilesBuildPhase section */
		C7ED502211CD5A41001A4FA2 /* Copy Docs */ = {
			isa = PBXCopyFilesBuildPhase;
			buildActionMask = 2147483647;
			dstPath = docs;
			dstSubfolderSpec = 1;
			files = (
				C7D177EA13B1A83700F65F4C /* charthlp_macosxinstall.html in Copy Docs */,
				C7D177EB13B1A83700F65F4C /* charthlp_macosxprinter.html in Copy Docs */,
				C7D1782513B7C6E800F65F4C /* charthlp_geniusmove.html in Copy Docs */,
				C7D1782613B7C6E800F65F4C /* charthlp_movepointsintoaline.html in Copy Docs */,
				C7D1782713B7C6E800F65F4C /* charthlp_reflectblock.html in Copy Docs */,
				C7D1782813B7C6E800F65F4C /* charthlp_resizeblock.html in Copy Docs */,
				C7D1782913B7C6E800F65F4C /* charthlp_rotateblock.html in Copy Docs */,
				C7D1782A13B7C6E800F65F4C /* charthlp_shearblock.html in Copy Docs */,
				C7D1782B13B7C6E800F65F4C /* charthlp_translatepoints.html in Copy Docs */,
				C7ED502511CD5A51001A4FA2 /* back.gif in Copy Docs */,
				C7ED502811CD5A51001A4FA2 /* charthlp.con in Copy Docs */,
				C7ED502911CD5A51001A4FA2 /* charthlp.hhc in Copy Docs */,
				C7ED502A11CD5A51001A4FA2 /* charthlp.hhk in Copy Docs */,
				C7ED502B11CD5A51001A4FA2 /* charthlp.hhp in Copy Docs */,
				C7ED502D11CD5A51001A4FA2 /* charthlp.ref in Copy Docs */,
				C7ED503011CD5A51001A4FA2 /* charthlp_acknowledge.html in Copy Docs */,
				C7ED503211CD5A51001A4FA2 /* charthlp_animcont.html in Copy Docs */,
				C7ED503311CD5A51001A4FA2 /* charthlp_animwin.html in Copy Docs */,
				C7ED503411CD5A51001A4FA2 /* charthlp_basics.html in Copy Docs */,
				C7ED503511CD5A51001A4FA2 /* charthlp_blam.html in Copy Docs */,
				C7ED503611CD5A51001A4FA2 /* charthlp_bugs.html in Copy Docs */,
				C7ED503711CD5A51001A4FA2 /* charthlp_close.html in Copy Docs */,
				C7ED503811CD5A51001A4FA2 /* charthlp_comments.html in Copy Docs */,
				C7ED503911CD5A51001A4FA2 /* charthlp_contents.html in Copy Docs */,
				C7ED503A11CD5A51001A4FA2 /* charthlp_copyright.html in Copy Docs */,
				C7ED503B11CD5A51001A4FA2 /* charthlp_countermarch.html in Copy Docs */,
				C7ED503C11CD5A51001A4FA2 /* charthlp_dir.html in Copy Docs */,
				C7ED503D11CD5A51001A4FA2 /* charthlp_directions.html in Copy Docs */,
				C7ED503E11CD5A51001A4FA2 /* charthlp_dirfrom.html in Copy Docs */,
				C7ED503F11CD5A51001A4FA2 /* charthlp_dist.html in Copy Docs */,
				C7ED504011CD5A51001A4FA2 /* charthlp_distfrom.html in Copy Docs */,
				C7ED504111CD5A51001A4FA2 /* charthlp_dmcm.html in Copy Docs */,
				C7ED504211CD5A51001A4FA2 /* charthlp_dmhs.html in Copy Docs */,
				C7ED504311CD5A51001A4FA2 /* charthlp_easyinstall.html in Copy Docs */,
				C7ED504411CD5A51001A4FA2 /* charthlp_editcont.html in Copy Docs */,
				C7ED504511CD5A51001A4FA2 /* charthlp_either.html in Copy Docs */,
				C7ED504611CD5A51001A4FA2 /* charthlp_even.html in Copy Docs */,
				C7ED504711CD5A51001A4FA2 /* charthlp_ewns.html in Copy Docs */,
				C7ED504811CD5A51001A4FA2 /* charthlp_fm.html in Copy Docs */,
				C7ED504911CD5A51001A4FA2 /* charthlp_fmto.html in Copy Docs */,
				C7ED504A11CD5A51001A4FA2 /* charthlp_fountain.html in Copy Docs */,
				C7ED504B11CD5A51001A4FA2 /* charthlp_functions.html in Copy Docs */,
				C7ED504C11CD5A51001A4FA2 /* charthlp_future.html in Copy Docs */,
				C7ED504D11CD5A51001A4FA2 /* charthlp_gpl.html in Copy Docs */,
				C7ED504E11CD5A51001A4FA2 /* charthlp_grid.html in Copy Docs */,
				C7ED504F11CD5A51001A4FA2 /* charthlp_hscm.html in Copy Docs */,
				C7ED505011CD5A51001A4FA2 /* charthlp_hsdm.html in Copy Docs */,
				C7ED505111CD5A51001A4FA2 /* charthlp_installing.html in Copy Docs */,
				C7ED505211CD5A51001A4FA2 /* charthlp_magic.html in Copy Docs */,
				C7ED505311CD5A51001A4FA2 /* charthlp_march.html in Copy Docs */,
				C7ED505511CD5A51001A4FA2 /* charthlp_movement.html in Copy Docs */,
				C7ED505611CD5A51001A4FA2 /* charthlp_mt.html in Copy Docs */,
				C7ED505711CD5A51001A4FA2 /* charthlp_mtrm.html in Copy Docs */,
				C7ED505811CD5A51001A4FA2 /* charthlp_newshow.html in Copy Docs */,
				C7ED505911CD5A51001A4FA2 /* charthlp_notdone.html in Copy Docs */,
				C7ED505A11CD5A51001A4FA2 /* charthlp_nsew.html in Copy Docs */,
				C7ED505B11CD5A51001A4FA2 /* charthlp_numbers.html in Copy Docs */,
				C7ED505C11CD5A51001A4FA2 /* charthlp_obtaining.html in Copy Docs */,
				C7ED505D11CD5A51001A4FA2 /* charthlp_opp.html in Copy Docs */,
				C7ED505E11CD5A51001A4FA2 /* charthlp_overview.html in Copy Docs */,
				C7ED505F11CD5A51001A4FA2 /* charthlp_pcontcodes.html in Copy Docs */,
				C7ED506011CD5A51001A4FA2 /* charthlp_points.html in Copy Docs */,
				C7ED506111CD5A51001A4FA2 /* charthlp_printcont.html in Copy Docs */,
				C7ED506211CD5A51001A4FA2 /* charthlp_problems.html in Copy Docs */,
				C7ED506311CD5A51001A4FA2 /* charthlp_procedures.html in Copy Docs */,
				C7ED506411CD5A51001A4FA2 /* charthlp_refer.html in Copy Docs */,
				C7ED506511CD5A51001A4FA2 /* charthlp_refpoints.html in Copy Docs */,
				C7ED506611CD5A51001A4FA2 /* charthlp_reportingbugs.html in Copy Docs */,
				C7ED506711CD5A51001A4FA2 /* charthlp_rotate.html in Copy Docs */,
				C7ED506811CD5A51001A4FA2 /* charthlp_software.html in Copy Docs */,
				C7ED506911CD5A51001A4FA2 /* charthlp_step.html in Copy Docs */,
				C7ED506A11CD5A51001A4FA2 /* charthlp_steps.html in Copy Docs */,
				C7ED506B11CD5A51001A4FA2 /* charthlp_stepsizes.html in Copy Docs */,
				C7ED506C11CD5A51001A4FA2 /* charthlp_symbols.html in Copy Docs */,
				C7ED506D11CD5A51001A4FA2 /* charthlp_topic0.html in Copy Docs */,
				C7ED507111CD5A51001A4FA2 /* charthlp_variables.html in Copy Docs */,
				C7ED507211CD5A51001A4FA2 /* charthlp_wininstall.html in Copy Docs */,
				C7ED507311CD5A51001A4FA2 /* charthlp_winprinter.html in Copy Docs */,
				C7ED507411CD5A51001A4FA2 /* contents.gif in Copy Docs */,
				C7ED507511CD5A51001A4FA2 /* forward.gif in Copy Docs */,
				C7ED507D11CD5A51001A4FA2 /* up.gif in Copy Docs */,
			);
			name = "Copy Docs";
			runOnlyForDeploymentPostprocessing = 0;
		};
/* End PBXCopyFilesBuildPhase section */

/* Begin PBXFileReference section */
		089C165DFE840E0CC02AAC07 /* English */ = {isa = PBXFileReference; fileEncoding = 4; lastKnownFileType = text.plist.strings; name = English; path = English.lproj/InfoPlist.strings; sourceTree = "<group>"; };
		1058C7A1FEA54F0111CA2CBB /* Cocoa.framework */ = {isa = PBXFileReference; lastKnownFileType = wrapper.framework; name = Cocoa.framework; path = /System/Library/Frameworks/Cocoa.framework; sourceTree = "<absolute>"; };
		13E42FB307B3F0F600E4EEF1 /* CoreData.framework */ = {isa = PBXFileReference; lastKnownFileType = wrapper.framework; name = CoreData.framework; path = /System/Library/Frameworks/CoreData.framework; sourceTree = "<absolute>"; };
		29B97324FDCFA39411CA2CEA /* AppKit.framework */ = {isa = PBXFileReference; lastKnownFileType = wrapper.framework; name = AppKit.framework; path = /System/Library/Frameworks/AppKit.framework; sourceTree = "<absolute>"; };
		29B97325FDCFA39411CA2CEA /* Foundation.framework */ = {isa = PBXFileReference; lastKnownFileType = wrapper.framework; name = Foundation.framework; path = /System/Library/Frameworks/Foundation.framework; sourceTree = "<absolute>"; };
		8D1107310486CEB800E47090 /* CalChart-Info.plist */ = {isa = PBXFileReference; fileEncoding = 4; lastKnownFileType = text.plist.xml; path = "CalChart-Info.plist"; sourceTree = "<group>"; };
		8D1107320486CEB800E47090 /* CalChart.app */ = {isa = PBXFileReference; explicitFileType = wrapper.application; includeInIndex = 0; path = CalChart.app; sourceTree = BUILT_PRODUCTS_DIR; };
		C72E2B071441150400118C03 /* top_frame.cpp */ = {isa = PBXFileReference; fileEncoding = 4; lastKnownFileType = sourcecode.cpp.cpp; path = top_frame.cpp; sourceTree = "<group>"; };
		C72E2B081441150400118C03 /* top_frame.h */ = {isa = PBXFileReference; fileEncoding = 4; lastKnownFileType = sourcecode.c.h; path = top_frame.h; sourceTree = "<group>"; };
		C72F24B914D4976E00758A0E /* GLUT.framework */ = {isa = PBXFileReference; lastKnownFileType = wrapper.framework; name = GLUT.framework; path = System/Library/Frameworks/GLUT.framework; sourceTree = SDKROOT; };
		C74DE4A212EAC0B900A20B8A /* cc_continuity.cpp */ = {isa = PBXFileReference; fileEncoding = 4; lastKnownFileType = sourcecode.cpp.cpp; path = cc_continuity.cpp; sourceTree = "<group>"; };
		C74DE4A312EAC0B900A20B8A /* cc_continuity.h */ = {isa = PBXFileReference; fileEncoding = 4; lastKnownFileType = sourcecode.c.h; path = cc_continuity.h; sourceTree = "<group>"; };
		C75A5FB91180072C0047B87D /* cc_shapes.cpp */ = {isa = PBXFileReference; fileEncoding = 4; lastKnownFileType = sourcecode.cpp.cpp; path = cc_shapes.cpp; sourceTree = "<group>"; };
		C75A5FBA1180072C0047B87D /* cc_shapes.h */ = {isa = PBXFileReference; fileEncoding = 4; lastKnownFileType = sourcecode.c.h; path = cc_shapes.h; sourceTree = "<group>"; };
		C75C5DE512F5E7E200CBFD3A /* cc_point.cpp */ = {isa = PBXFileReference; fileEncoding = 4; lastKnownFileType = sourcecode.cpp.cpp; path = cc_point.cpp; sourceTree = "<group>"; };
		C75C5DE612F5E7E200CBFD3A /* cc_point.h */ = {isa = PBXFileReference; fileEncoding = 4; lastKnownFileType = sourcecode.c.h; path = cc_point.h; sourceTree = "<group>"; };
		C78241F212BEC69200BE680F /* cc_show.cpp */ = {isa = PBXFileReference; fileEncoding = 4; lastKnownFileType = sourcecode.cpp.cpp; path = cc_show.cpp; sourceTree = "<group>"; };
		C78241F312BEC69200BE680F /* cc_show.h */ = {isa = PBXFileReference; fileEncoding = 4; lastKnownFileType = sourcecode.c.h; path = cc_show.h; sourceTree = "<group>"; };
		C785A90814CFC5180038B6FE /* animation_canvas.cpp */ = {isa = PBXFileReference; fileEncoding = 4; lastKnownFileType = sourcecode.cpp.cpp; path = animation_canvas.cpp; sourceTree = "<group>"; };
		C785A90914CFC5180038B6FE /* animation_canvas.h */ = {isa = PBXFileReference; fileEncoding = 4; lastKnownFileType = sourcecode.c.h; path = animation_canvas.h; sourceTree = "<group>"; };
		C785A90A14CFC5180038B6FE /* animation_error.cpp */ = {isa = PBXFileReference; fileEncoding = 4; lastKnownFileType = sourcecode.cpp.cpp; path = animation_error.cpp; sourceTree = "<group>"; };
		C785A90B14CFC5180038B6FE /* animation_error.h */ = {isa = PBXFileReference; fileEncoding = 4; lastKnownFileType = sourcecode.c.h; path = animation_error.h; sourceTree = "<group>"; };
		C785A91814D3D6620038B6FE /* cc_omniview_canvas.cpp */ = {isa = PBXFileReference; fileEncoding = 4; lastKnownFileType = sourcecode.cpp.cpp; path = cc_omniview_canvas.cpp; sourceTree = "<group>"; };
		C785A91914D3D6620038B6FE /* cc_omniview_canvas.h */ = {isa = PBXFileReference; fileEncoding = 4; lastKnownFileType = sourcecode.c.h; path = cc_omniview_canvas.h; sourceTree = "<group>"; };
		C7A845071398E7D8003AD23E /* cc_command.cpp */ = {isa = PBXFileReference; fileEncoding = 4; lastKnownFileType = sourcecode.cpp.cpp; path = cc_command.cpp; sourceTree = "<group>"; };
		C7A845081398E7D8003AD23E /* cc_command.h */ = {isa = PBXFileReference; fileEncoding = 4; lastKnownFileType = sourcecode.c.h; path = cc_command.h; sourceTree = "<group>"; };
		C7A8451A1398E8D5003AD23E /* cc_preferences_ui.cpp */ = {isa = PBXFileReference; fileEncoding = 4; lastKnownFileType = sourcecode.cpp.cpp; path = cc_preferences_ui.cpp; sourceTree = "<group>"; };
		C7A8451B1398E8D5003AD23E /* cc_preferences_ui.h */ = {isa = PBXFileReference; fileEncoding = 4; lastKnownFileType = sourcecode.c.h; path = cc_preferences_ui.h; sourceTree = "<group>"; };
		C7AC49AE14CCD51F00506C76 /* animation_frame.cpp */ = {isa = PBXFileReference; fileEncoding = 4; lastKnownFileType = sourcecode.cpp.cpp; path = animation_frame.cpp; sourceTree = "<group>"; };
		C7AC49AF14CCD51F00506C76 /* animation_frame.h */ = {isa = PBXFileReference; fileEncoding = 4; lastKnownFileType = sourcecode.c.h; path = animation_frame.h; sourceTree = "<group>"; };
		C7AFA96A117A6DBA00CC53E2 /* anim_ui.cpp */ = {isa = PBXFileReference; fileEncoding = 4; lastKnownFileType = sourcecode.cpp.cpp; path = anim_ui.cpp; sourceTree = "<group>"; };
		C7AFA96B117A6DBA00CC53E2 /* anim_ui.h */ = {isa = PBXFileReference; fileEncoding = 4; lastKnownFileType = sourcecode.c.h; path = anim_ui.h; sourceTree = "<group>"; };
		C7AFA96C117A6DBA00CC53E2 /* animate.cpp */ = {isa = PBXFileReference; fileEncoding = 4; lastKnownFileType = sourcecode.cpp.cpp; path = animate.cpp; sourceTree = "<group>"; };
		C7AFA96D117A6DBA00CC53E2 /* animate.h */ = {isa = PBXFileReference; fileEncoding = 4; lastKnownFileType = sourcecode.c.h; path = animate.h; sourceTree = "<group>"; };
		C7AFA96E117A6DBA00CC53E2 /* basic_ui.cpp */ = {isa = PBXFileReference; fileEncoding = 4; lastKnownFileType = sourcecode.cpp.cpp; path = basic_ui.cpp; sourceTree = "<group>"; };
		C7AFA96F117A6DBA00CC53E2 /* basic_ui.h */ = {isa = PBXFileReference; fileEncoding = 4; lastKnownFileType = sourcecode.c.h; path = basic_ui.h; sourceTree = "<group>"; };
		C7AFA970117A6DBA00CC53E2 /* ccvers.h */ = {isa = PBXFileReference; fileEncoding = 4; lastKnownFileType = sourcecode.c.h; path = ccvers.h; sourceTree = "<group>"; };
		C7AFA973117A6DBA00CC53E2 /* confgr.cpp */ = {isa = PBXFileReference; fileEncoding = 4; lastKnownFileType = sourcecode.cpp.cpp; path = confgr.cpp; sourceTree = "<group>"; };
		C7AFA974117A6DBA00CC53E2 /* confgr.h */ = {isa = PBXFileReference; fileEncoding = 4; lastKnownFileType = sourcecode.c.h; path = confgr.h; sourceTree = "<group>"; };
		C7AFA975117A6DBA00CC53E2 /* cont.cpp */ = {isa = PBXFileReference; fileEncoding = 4; lastKnownFileType = sourcecode.cpp.cpp; path = cont.cpp; sourceTree = "<group>"; };
		C7AFA976117A6DBA00CC53E2 /* cont.h */ = {isa = PBXFileReference; fileEncoding = 4; lastKnownFileType = sourcecode.c.h; path = cont.h; sourceTree = "<group>"; };
		C7AFA977117A6DBA00CC53E2 /* cont_ui.cpp */ = {isa = PBXFileReference; fileEncoding = 4; lastKnownFileType = sourcecode.cpp.cpp; path = cont_ui.cpp; sourceTree = "<group>"; };
		C7AFA978117A6DBA00CC53E2 /* cont_ui.h */ = {isa = PBXFileReference; fileEncoding = 4; lastKnownFileType = sourcecode.c.h; path = cont_ui.h; sourceTree = "<group>"; };
		C7AFA979117A6DBA00CC53E2 /* contgram.y */ = {isa = PBXFileReference; fileEncoding = 4; lastKnownFileType = sourcecode.yacc; path = contgram.y; sourceTree = "<group>"; };
		C7AFA97A117A6DBA00CC53E2 /* contscan.l */ = {isa = PBXFileReference; fileEncoding = 4; lastKnownFileType = sourcecode.lex; path = contscan.l; sourceTree = "<group>"; };
		C7AFA97B117A6DBA00CC53E2 /* draw.cpp */ = {isa = PBXFileReference; fileEncoding = 4; lastKnownFileType = sourcecode.cpp.cpp; path = draw.cpp; sourceTree = "<group>"; };
		C7AFA97E117A6DBA00CC53E2 /* linmath.h */ = {isa = PBXFileReference; fileEncoding = 4; lastKnownFileType = sourcecode.c.h; path = linmath.h; sourceTree = "<group>"; };
		C7AFA97F117A6DBA00CC53E2 /* main_ui.cpp */ = {isa = PBXFileReference; fileEncoding = 4; lastKnownFileType = sourcecode.cpp.cpp; path = main_ui.cpp; sourceTree = "<group>"; };
		C7AFA980117A6DBA00CC53E2 /* main_ui.h */ = {isa = PBXFileReference; fileEncoding = 4; lastKnownFileType = sourcecode.c.h; path = main_ui.h; sourceTree = "<group>"; };
		C7AFA981117A6DBA00CC53E2 /* modes.cpp */ = {isa = PBXFileReference; fileEncoding = 4; lastKnownFileType = sourcecode.cpp.cpp; path = modes.cpp; sourceTree = "<group>"; };
		C7AFA982117A6DBA00CC53E2 /* modes.h */ = {isa = PBXFileReference; fileEncoding = 4; lastKnownFileType = sourcecode.c.h; path = modes.h; sourceTree = "<group>"; };
		C7AFA983117A6DBA00CC53E2 /* parse.h */ = {isa = PBXFileReference; fileEncoding = 4; lastKnownFileType = sourcecode.c.h; path = parse.h; sourceTree = "<group>"; };
		C7AFA984117A6DBA00CC53E2 /* platconf.h */ = {isa = PBXFileReference; fileEncoding = 4; lastKnownFileType = sourcecode.c.h; path = platconf.h; sourceTree = "<group>"; };
		C7AFA985117A6DBA00CC53E2 /* print.cpp */ = {isa = PBXFileReference; fileEncoding = 4; lastKnownFileType = sourcecode.cpp.cpp; path = print.cpp; sourceTree = "<group>"; };
		C7AFA986117A6DBA00CC53E2 /* print_ui.cpp */ = {isa = PBXFileReference; fileEncoding = 4; lastKnownFileType = sourcecode.cpp.cpp; path = print_ui.cpp; sourceTree = "<group>"; };
		C7AFA987117A6DBA00CC53E2 /* print_ui.h */ = {isa = PBXFileReference; fileEncoding = 4; lastKnownFileType = sourcecode.c.h; path = print_ui.h; sourceTree = "<group>"; };
		C7AFA988117A6DBA00CC53E2 /* show.cpp */ = {isa = PBXFileReference; fileEncoding = 4; lastKnownFileType = sourcecode.cpp.cpp; path = show.cpp; sourceTree = "<group>"; };
		C7AFA989117A6DBA00CC53E2 /* show.h */ = {isa = PBXFileReference; fileEncoding = 4; lastKnownFileType = sourcecode.c.h; path = show.h; sourceTree = "<group>"; };
		C7AFA98A117A6DBA00CC53E2 /* show_ui.cpp */ = {isa = PBXFileReference; fileEncoding = 4; lastKnownFileType = sourcecode.cpp.cpp; path = show_ui.cpp; sourceTree = "<group>"; };
		C7AFA98B117A6DBA00CC53E2 /* show_ui.h */ = {isa = PBXFileReference; fileEncoding = 4; lastKnownFileType = sourcecode.c.h; path = show_ui.h; sourceTree = "<group>"; };
		C7AFA9A1117A6E7200CC53E2 /* contgram.cpp */ = {isa = PBXFileReference; fileEncoding = 4; lastKnownFileType = sourcecode.cpp.cpp; path = contgram.cpp; sourceTree = "<group>"; };
		C7AFA9A2117A6E7200CC53E2 /* contgram.h */ = {isa = PBXFileReference; fileEncoding = 4; lastKnownFileType = sourcecode.c.h; path = contgram.h; sourceTree = "<group>"; };
		C7AFA9A3117A6E7200CC53E2 /* contscan.cpp */ = {isa = PBXFileReference; fileEncoding = 4; lastKnownFileType = sourcecode.cpp.cpp; path = contscan.cpp; sourceTree = "<group>"; };
		C7B669741474E20300E28B63 /* background_image.cpp */ = {isa = PBXFileReference; fileEncoding = 4; lastKnownFileType = sourcecode.cpp.cpp; path = background_image.cpp; sourceTree = "<group>"; };
		C7B669751474E20300E28B63 /* background_image.h */ = {isa = PBXFileReference; fileEncoding = 4; lastKnownFileType = sourcecode.c.h; path = background_image.h; sourceTree = "<group>"; };
		C7BFBCF914722689002385FB /* animatecommand.cpp */ = {isa = PBXFileReference; fileEncoding = 4; lastKnownFileType = sourcecode.cpp.cpp; path = animatecommand.cpp; sourceTree = "<group>"; };
		C7BFBCFA14722689002385FB /* animatecommand.h */ = {isa = PBXFileReference; fileEncoding = 4; lastKnownFileType = sourcecode.c.h; path = animatecommand.h; sourceTree = "<group>"; };
		C7C5FBD11479B356004E5C5B /* IOKit.framework */ = {isa = PBXFileReference; lastKnownFileType = wrapper.framework; name = IOKit.framework; path = System/Library/Frameworks/IOKit.framework; sourceTree = SDKROOT; };
		C7C5FBD31479B367004E5C5B /* Carbon.framework */ = {isa = PBXFileReference; lastKnownFileType = wrapper.framework; name = Carbon.framework; path = System/Library/Frameworks/Carbon.framework; sourceTree = SDKROOT; };
		C7C5FBD51479B372004E5C5B /* AudioToolbox.framework */ = {isa = PBXFileReference; lastKnownFileType = wrapper.framework; name = AudioToolbox.framework; path = System/Library/Frameworks/AudioToolbox.framework; sourceTree = SDKROOT; };
		C7C5FBD71479B385004E5C5B /* OpenGL.framework */ = {isa = PBXFileReference; lastKnownFileType = wrapper.framework; name = OpenGL.framework; path = System/Library/Frameworks/OpenGL.framework; sourceTree = SDKROOT; };
		C7C5FBD91479B39A004E5C5B /* QuickTime.framework */ = {isa = PBXFileReference; lastKnownFileType = wrapper.framework; name = QuickTime.framework; path = System/Library/Frameworks/QuickTime.framework; sourceTree = SDKROOT; };
		C7C5FBDB1479B3F8004E5C5B /* WebKit.framework */ = {isa = PBXFileReference; lastKnownFileType = wrapper.framework; name = WebKit.framework; path = System/Library/Frameworks/WebKit.framework; sourceTree = SDKROOT; };
		C7D177DE13B1A7E500F65F4C /* charthlp_macosxinstall.html */ = {isa = PBXFileReference; fileEncoding = 4; lastKnownFileType = text.html; path = charthlp_macosxinstall.html; sourceTree = "<group>"; };
		C7D177DF13B1A7E500F65F4C /* charthlp_macosxprinter.html */ = {isa = PBXFileReference; fileEncoding = 4; lastKnownFileType = text.html; path = charthlp_macosxprinter.html; sourceTree = "<group>"; };
		C7D1781E13B7C6E800F65F4C /* charthlp_geniusmove.html */ = {isa = PBXFileReference; fileEncoding = 4; lastKnownFileType = text.html; path = charthlp_geniusmove.html; sourceTree = "<group>"; };
		C7D1781F13B7C6E800F65F4C /* charthlp_movepointsintoaline.html */ = {isa = PBXFileReference; fileEncoding = 4; lastKnownFileType = text.html; path = charthlp_movepointsintoaline.html; sourceTree = "<group>"; };
		C7D1782013B7C6E800F65F4C /* charthlp_reflectblock.html */ = {isa = PBXFileReference; fileEncoding = 4; lastKnownFileType = text.html; path = charthlp_reflectblock.html; sourceTree = "<group>"; };
		C7D1782113B7C6E800F65F4C /* charthlp_resizeblock.html */ = {isa = PBXFileReference; fileEncoding = 4; lastKnownFileType = text.html; path = charthlp_resizeblock.html; sourceTree = "<group>"; };
		C7D1782213B7C6E800F65F4C /* charthlp_rotateblock.html */ = {isa = PBXFileReference; fileEncoding = 4; lastKnownFileType = text.html; path = charthlp_rotateblock.html; sourceTree = "<group>"; };
		C7D1782313B7C6E800F65F4C /* charthlp_shearblock.html */ = {isa = PBXFileReference; fileEncoding = 4; lastKnownFileType = text.html; path = charthlp_shearblock.html; sourceTree = "<group>"; };
		C7D1782413B7C6E800F65F4C /* charthlp_translatepoints.html */ = {isa = PBXFileReference; fileEncoding = 4; lastKnownFileType = text.html; path = charthlp_translatepoints.html; sourceTree = "<group>"; };
		C7D4E2C211D087CD007D3587 /* calchartapp.cpp */ = {isa = PBXFileReference; fileEncoding = 4; lastKnownFileType = sourcecode.cpp.cpp; path = calchartapp.cpp; sourceTree = "<group>"; };
		C7D4E2C311D087CD007D3587 /* calchartapp.h */ = {isa = PBXFileReference; fileEncoding = 4; lastKnownFileType = sourcecode.c.h; path = calchartapp.h; sourceTree = "<group>"; };
		C7E8DED2117B6A4C00C9FAC9 /* calchart.icns */ = {isa = PBXFileReference; lastKnownFileType = image.icns; name = calchart.icns; path = ../resources/calchart.icns; sourceTree = SOURCE_ROOT; };
		C7EC032711D9AD0E0043B2FD /* cc_sheet.cpp */ = {isa = PBXFileReference; fileEncoding = 4; lastKnownFileType = sourcecode.cpp.cpp; path = cc_sheet.cpp; sourceTree = "<group>"; };
		C7EC032811D9AD0E0043B2FD /* cc_sheet.h */ = {isa = PBXFileReference; fileEncoding = 4; lastKnownFileType = sourcecode.c.h; path = cc_sheet.h; sourceTree = "<group>"; };
		C7EC035611D9B10C0043B2FD /* cc_types.h */ = {isa = PBXFileReference; fileEncoding = 4; lastKnownFileType = sourcecode.c.h; path = cc_types.h; sourceTree = "<group>"; };
		C7ED4FC811CD594E001A4FA2 /* back.gif */ = {isa = PBXFileReference; lastKnownFileType = image.gif; path = back.gif; sourceTree = "<group>"; };
		C7ED4FCB11CD594E001A4FA2 /* charthlp.con */ = {isa = PBXFileReference; fileEncoding = 4; lastKnownFileType = text; path = charthlp.con; sourceTree = "<group>"; };
		C7ED4FCC11CD594E001A4FA2 /* charthlp.hhc */ = {isa = PBXFileReference; fileEncoding = 4; lastKnownFileType = text; path = charthlp.hhc; sourceTree = "<group>"; };
		C7ED4FCD11CD594E001A4FA2 /* charthlp.hhk */ = {isa = PBXFileReference; fileEncoding = 4; lastKnownFileType = text; path = charthlp.hhk; sourceTree = "<group>"; };
		C7ED4FCE11CD594E001A4FA2 /* charthlp.hhp */ = {isa = PBXFileReference; fileEncoding = 4; lastKnownFileType = text; path = charthlp.hhp; sourceTree = "<group>"; };
		C7ED4FD011CD594E001A4FA2 /* charthlp.ref */ = {isa = PBXFileReference; fileEncoding = 4; lastKnownFileType = text; path = charthlp.ref; sourceTree = "<group>"; };
		C7ED4FD311CD594E001A4FA2 /* charthlp_acknowledge.html */ = {isa = PBXFileReference; fileEncoding = 4; lastKnownFileType = text.html; path = charthlp_acknowledge.html; sourceTree = "<group>"; };
		C7ED4FD511CD594E001A4FA2 /* charthlp_animcont.html */ = {isa = PBXFileReference; fileEncoding = 4; lastKnownFileType = text.html; path = charthlp_animcont.html; sourceTree = "<group>"; };
		C7ED4FD611CD594E001A4FA2 /* charthlp_animwin.html */ = {isa = PBXFileReference; fileEncoding = 4; lastKnownFileType = text.html; path = charthlp_animwin.html; sourceTree = "<group>"; };
		C7ED4FD711CD594E001A4FA2 /* charthlp_basics.html */ = {isa = PBXFileReference; fileEncoding = 4; lastKnownFileType = text.html; path = charthlp_basics.html; sourceTree = "<group>"; };
		C7ED4FD811CD594E001A4FA2 /* charthlp_blam.html */ = {isa = PBXFileReference; fileEncoding = 4; lastKnownFileType = text.html; path = charthlp_blam.html; sourceTree = "<group>"; };
		C7ED4FD911CD594E001A4FA2 /* charthlp_bugs.html */ = {isa = PBXFileReference; fileEncoding = 4; lastKnownFileType = text.html; path = charthlp_bugs.html; sourceTree = "<group>"; };
		C7ED4FDA11CD594E001A4FA2 /* charthlp_close.html */ = {isa = PBXFileReference; fileEncoding = 4; lastKnownFileType = text.html; path = charthlp_close.html; sourceTree = "<group>"; };
		C7ED4FDB11CD594E001A4FA2 /* charthlp_comments.html */ = {isa = PBXFileReference; fileEncoding = 4; lastKnownFileType = text.html; path = charthlp_comments.html; sourceTree = "<group>"; };
		C7ED4FDC11CD594E001A4FA2 /* charthlp_contents.html */ = {isa = PBXFileReference; fileEncoding = 4; lastKnownFileType = text.html; path = charthlp_contents.html; sourceTree = "<group>"; };
		C7ED4FDD11CD594E001A4FA2 /* charthlp_copyright.html */ = {isa = PBXFileReference; fileEncoding = 4; lastKnownFileType = text.html; path = charthlp_copyright.html; sourceTree = "<group>"; };
		C7ED4FDE11CD594E001A4FA2 /* charthlp_countermarch.html */ = {isa = PBXFileReference; fileEncoding = 4; lastKnownFileType = text.html; path = charthlp_countermarch.html; sourceTree = "<group>"; };
		C7ED4FDF11CD594E001A4FA2 /* charthlp_dir.html */ = {isa = PBXFileReference; fileEncoding = 4; lastKnownFileType = text.html; path = charthlp_dir.html; sourceTree = "<group>"; };
		C7ED4FE011CD594E001A4FA2 /* charthlp_directions.html */ = {isa = PBXFileReference; fileEncoding = 4; lastKnownFileType = text.html; path = charthlp_directions.html; sourceTree = "<group>"; };
		C7ED4FE111CD594E001A4FA2 /* charthlp_dirfrom.html */ = {isa = PBXFileReference; fileEncoding = 4; lastKnownFileType = text.html; path = charthlp_dirfrom.html; sourceTree = "<group>"; };
		C7ED4FE211CD594E001A4FA2 /* charthlp_dist.html */ = {isa = PBXFileReference; fileEncoding = 4; lastKnownFileType = text.html; path = charthlp_dist.html; sourceTree = "<group>"; };
		C7ED4FE311CD594E001A4FA2 /* charthlp_distfrom.html */ = {isa = PBXFileReference; fileEncoding = 4; lastKnownFileType = text.html; path = charthlp_distfrom.html; sourceTree = "<group>"; };
		C7ED4FE411CD594E001A4FA2 /* charthlp_dmcm.html */ = {isa = PBXFileReference; fileEncoding = 4; lastKnownFileType = text.html; path = charthlp_dmcm.html; sourceTree = "<group>"; };
		C7ED4FE511CD594E001A4FA2 /* charthlp_dmhs.html */ = {isa = PBXFileReference; fileEncoding = 4; lastKnownFileType = text.html; path = charthlp_dmhs.html; sourceTree = "<group>"; };
		C7ED4FE611CD594E001A4FA2 /* charthlp_easyinstall.html */ = {isa = PBXFileReference; fileEncoding = 4; lastKnownFileType = text.html; path = charthlp_easyinstall.html; sourceTree = "<group>"; };
		C7ED4FE711CD594E001A4FA2 /* charthlp_editcont.html */ = {isa = PBXFileReference; fileEncoding = 4; lastKnownFileType = text.html; path = charthlp_editcont.html; sourceTree = "<group>"; };
		C7ED4FE811CD594E001A4FA2 /* charthlp_either.html */ = {isa = PBXFileReference; fileEncoding = 4; lastKnownFileType = text.html; path = charthlp_either.html; sourceTree = "<group>"; };
		C7ED4FE911CD594E001A4FA2 /* charthlp_even.html */ = {isa = PBXFileReference; fileEncoding = 4; lastKnownFileType = text.html; path = charthlp_even.html; sourceTree = "<group>"; };
		C7ED4FEA11CD594E001A4FA2 /* charthlp_ewns.html */ = {isa = PBXFileReference; fileEncoding = 4; lastKnownFileType = text.html; path = charthlp_ewns.html; sourceTree = "<group>"; };
		C7ED4FEB11CD594E001A4FA2 /* charthlp_fm.html */ = {isa = PBXFileReference; fileEncoding = 4; lastKnownFileType = text.html; path = charthlp_fm.html; sourceTree = "<group>"; };
		C7ED4FEC11CD594E001A4FA2 /* charthlp_fmto.html */ = {isa = PBXFileReference; fileEncoding = 4; lastKnownFileType = text.html; path = charthlp_fmto.html; sourceTree = "<group>"; };
		C7ED4FED11CD594E001A4FA2 /* charthlp_fountain.html */ = {isa = PBXFileReference; fileEncoding = 4; lastKnownFileType = text.html; path = charthlp_fountain.html; sourceTree = "<group>"; };
		C7ED4FEE11CD594E001A4FA2 /* charthlp_functions.html */ = {isa = PBXFileReference; fileEncoding = 4; lastKnownFileType = text.html; path = charthlp_functions.html; sourceTree = "<group>"; };
		C7ED4FEF11CD594E001A4FA2 /* charthlp_future.html */ = {isa = PBXFileReference; fileEncoding = 4; lastKnownFileType = text.html; path = charthlp_future.html; sourceTree = "<group>"; };
		C7ED4FF011CD594E001A4FA2 /* charthlp_gpl.html */ = {isa = PBXFileReference; fileEncoding = 4; lastKnownFileType = text.html; path = charthlp_gpl.html; sourceTree = "<group>"; };
		C7ED4FF111CD594E001A4FA2 /* charthlp_grid.html */ = {isa = PBXFileReference; fileEncoding = 4; lastKnownFileType = text.html; path = charthlp_grid.html; sourceTree = "<group>"; };
		C7ED4FF211CD594E001A4FA2 /* charthlp_hscm.html */ = {isa = PBXFileReference; fileEncoding = 4; lastKnownFileType = text.html; path = charthlp_hscm.html; sourceTree = "<group>"; };
		C7ED4FF311CD594E001A4FA2 /* charthlp_hsdm.html */ = {isa = PBXFileReference; fileEncoding = 4; lastKnownFileType = text.html; path = charthlp_hsdm.html; sourceTree = "<group>"; };
		C7ED4FF411CD594E001A4FA2 /* charthlp_installing.html */ = {isa = PBXFileReference; fileEncoding = 4; lastKnownFileType = text.html; path = charthlp_installing.html; sourceTree = "<group>"; };
		C7ED4FF511CD594E001A4FA2 /* charthlp_magic.html */ = {isa = PBXFileReference; fileEncoding = 4; lastKnownFileType = text.html; path = charthlp_magic.html; sourceTree = "<group>"; };
		C7ED4FF611CD594E001A4FA2 /* charthlp_march.html */ = {isa = PBXFileReference; fileEncoding = 4; lastKnownFileType = text.html; path = charthlp_march.html; sourceTree = "<group>"; };
		C7ED4FF811CD594E001A4FA2 /* charthlp_movement.html */ = {isa = PBXFileReference; fileEncoding = 4; lastKnownFileType = text.html; path = charthlp_movement.html; sourceTree = "<group>"; };
		C7ED4FF911CD594E001A4FA2 /* charthlp_mt.html */ = {isa = PBXFileReference; fileEncoding = 4; lastKnownFileType = text.html; path = charthlp_mt.html; sourceTree = "<group>"; };
		C7ED4FFA11CD594E001A4FA2 /* charthlp_mtrm.html */ = {isa = PBXFileReference; fileEncoding = 4; lastKnownFileType = text.html; path = charthlp_mtrm.html; sourceTree = "<group>"; };
		C7ED4FFB11CD594E001A4FA2 /* charthlp_newshow.html */ = {isa = PBXFileReference; fileEncoding = 4; lastKnownFileType = text.html; path = charthlp_newshow.html; sourceTree = "<group>"; };
		C7ED4FFC11CD594E001A4FA2 /* charthlp_notdone.html */ = {isa = PBXFileReference; fileEncoding = 4; lastKnownFileType = text.html; path = charthlp_notdone.html; sourceTree = "<group>"; };
		C7ED4FFD11CD594E001A4FA2 /* charthlp_nsew.html */ = {isa = PBXFileReference; fileEncoding = 4; lastKnownFileType = text.html; path = charthlp_nsew.html; sourceTree = "<group>"; };
		C7ED4FFE11CD594E001A4FA2 /* charthlp_numbers.html */ = {isa = PBXFileReference; fileEncoding = 4; lastKnownFileType = text.html; path = charthlp_numbers.html; sourceTree = "<group>"; };
		C7ED4FFF11CD594E001A4FA2 /* charthlp_obtaining.html */ = {isa = PBXFileReference; fileEncoding = 4; lastKnownFileType = text.html; path = charthlp_obtaining.html; sourceTree = "<group>"; };
		C7ED500011CD594E001A4FA2 /* charthlp_opp.html */ = {isa = PBXFileReference; fileEncoding = 4; lastKnownFileType = text.html; path = charthlp_opp.html; sourceTree = "<group>"; };
		C7ED500111CD594E001A4FA2 /* charthlp_overview.html */ = {isa = PBXFileReference; fileEncoding = 4; lastKnownFileType = text.html; path = charthlp_overview.html; sourceTree = "<group>"; };
		C7ED500211CD594E001A4FA2 /* charthlp_pcontcodes.html */ = {isa = PBXFileReference; fileEncoding = 4; lastKnownFileType = text.html; path = charthlp_pcontcodes.html; sourceTree = "<group>"; };
		C7ED500311CD594E001A4FA2 /* charthlp_points.html */ = {isa = PBXFileReference; fileEncoding = 4; lastKnownFileType = text.html; path = charthlp_points.html; sourceTree = "<group>"; };
		C7ED500411CD594E001A4FA2 /* charthlp_printcont.html */ = {isa = PBXFileReference; fileEncoding = 4; lastKnownFileType = text.html; path = charthlp_printcont.html; sourceTree = "<group>"; };
		C7ED500511CD594E001A4FA2 /* charthlp_problems.html */ = {isa = PBXFileReference; fileEncoding = 4; lastKnownFileType = text.html; path = charthlp_problems.html; sourceTree = "<group>"; };
		C7ED500611CD594E001A4FA2 /* charthlp_procedures.html */ = {isa = PBXFileReference; fileEncoding = 4; lastKnownFileType = text.html; path = charthlp_procedures.html; sourceTree = "<group>"; };
		C7ED500711CD594E001A4FA2 /* charthlp_refer.html */ = {isa = PBXFileReference; fileEncoding = 4; lastKnownFileType = text.html; path = charthlp_refer.html; sourceTree = "<group>"; };
		C7ED500811CD594E001A4FA2 /* charthlp_refpoints.html */ = {isa = PBXFileReference; fileEncoding = 4; lastKnownFileType = text.html; path = charthlp_refpoints.html; sourceTree = "<group>"; };
		C7ED500911CD594E001A4FA2 /* charthlp_reportingbugs.html */ = {isa = PBXFileReference; fileEncoding = 4; lastKnownFileType = text.html; path = charthlp_reportingbugs.html; sourceTree = "<group>"; };
		C7ED500A11CD594E001A4FA2 /* charthlp_rotate.html */ = {isa = PBXFileReference; fileEncoding = 4; lastKnownFileType = text.html; path = charthlp_rotate.html; sourceTree = "<group>"; };
		C7ED500B11CD594E001A4FA2 /* charthlp_software.html */ = {isa = PBXFileReference; fileEncoding = 4; lastKnownFileType = text.html; path = charthlp_software.html; sourceTree = "<group>"; };
		C7ED500C11CD594E001A4FA2 /* charthlp_step.html */ = {isa = PBXFileReference; fileEncoding = 4; lastKnownFileType = text.html; path = charthlp_step.html; sourceTree = "<group>"; };
		C7ED500D11CD594E001A4FA2 /* charthlp_steps.html */ = {isa = PBXFileReference; fileEncoding = 4; lastKnownFileType = text.html; path = charthlp_steps.html; sourceTree = "<group>"; };
		C7ED500E11CD594E001A4FA2 /* charthlp_stepsizes.html */ = {isa = PBXFileReference; fileEncoding = 4; lastKnownFileType = text.html; path = charthlp_stepsizes.html; sourceTree = "<group>"; };
		C7ED500F11CD594E001A4FA2 /* charthlp_symbols.html */ = {isa = PBXFileReference; fileEncoding = 4; lastKnownFileType = text.html; path = charthlp_symbols.html; sourceTree = "<group>"; };
		C7ED501011CD594E001A4FA2 /* charthlp_topic0.html */ = {isa = PBXFileReference; fileEncoding = 4; lastKnownFileType = text.html; path = charthlp_topic0.html; sourceTree = "<group>"; };
		C7ED501411CD594E001A4FA2 /* charthlp_variables.html */ = {isa = PBXFileReference; fileEncoding = 4; lastKnownFileType = text.html; path = charthlp_variables.html; sourceTree = "<group>"; };
		C7ED501511CD594E001A4FA2 /* charthlp_wininstall.html */ = {isa = PBXFileReference; fileEncoding = 4; lastKnownFileType = text.html; path = charthlp_wininstall.html; sourceTree = "<group>"; };
		C7ED501611CD594E001A4FA2 /* charthlp_winprinter.html */ = {isa = PBXFileReference; fileEncoding = 4; lastKnownFileType = text.html; path = charthlp_winprinter.html; sourceTree = "<group>"; };
		C7ED501711CD594E001A4FA2 /* contents.gif */ = {isa = PBXFileReference; lastKnownFileType = image.gif; path = contents.gif; sourceTree = "<group>"; };
		C7ED501811CD594E001A4FA2 /* forward.gif */ = {isa = PBXFileReference; lastKnownFileType = image.gif; path = forward.gif; sourceTree = "<group>"; };
		C7ED502011CD594E001A4FA2 /* up.gif */ = {isa = PBXFileReference; lastKnownFileType = image.gif; path = up.gif; sourceTree = "<group>"; };
		C7FC7B7C130746C100F22854 /* cc_coord.cpp */ = {isa = PBXFileReference; fileEncoding = 4; lastKnownFileType = sourcecode.cpp.cpp; path = cc_coord.cpp; sourceTree = "<group>"; };
		C7FC7B7D130746C100F22854 /* cc_coord.h */ = {isa = PBXFileReference; fileEncoding = 4; lastKnownFileType = sourcecode.c.h; path = cc_coord.h; sourceTree = "<group>"; };
/* End PBXFileReference section */

/* Begin PBXFrameworksBuildPhase section */
		8D11072E0486CEB800E47090 /* Frameworks */ = {
			isa = PBXFrameworksBuildPhase;
			buildActionMask = 2147483647;
			files = (
				C72F24BA14D4976E00758A0E /* GLUT.framework in Frameworks */,
				C7C5FBDC1479B3F8004E5C5B /* WebKit.framework in Frameworks */,
				C7C5FBDA1479B39A004E5C5B /* QuickTime.framework in Frameworks */,
				C7C5FBD81479B385004E5C5B /* OpenGL.framework in Frameworks */,
				C7C5FBD61479B372004E5C5B /* AudioToolbox.framework in Frameworks */,
				C7C5FBD41479B367004E5C5B /* Carbon.framework in Frameworks */,
				C7C5FBD21479B356004E5C5B /* IOKit.framework in Frameworks */,
				8D11072F0486CEB800E47090 /* Cocoa.framework in Frameworks */,
			);
			runOnlyForDeploymentPostprocessing = 0;
		};
/* End PBXFrameworksBuildPhase section */

/* Begin PBXGroup section */
		1058C7A0FEA54F0111CA2CBB /* Linked Frameworks */ = {
			isa = PBXGroup;
			children = (
				1058C7A1FEA54F0111CA2CBB /* Cocoa.framework */,
			);
			name = "Linked Frameworks";
			sourceTree = "<group>";
		};
		1058C7A2FEA54F0111CA2CBB /* Other Frameworks */ = {
			isa = PBXGroup;
			children = (
				29B97324FDCFA39411CA2CEA /* AppKit.framework */,
				13E42FB307B3F0F600E4EEF1 /* CoreData.framework */,
				29B97325FDCFA39411CA2CEA /* Foundation.framework */,
			);
			name = "Other Frameworks";
			sourceTree = "<group>";
		};
		19C28FACFE9D520D11CA2CBB /* Products */ = {
			isa = PBXGroup;
			children = (
				8D1107320486CEB800E47090 /* CalChart.app */,
			);
			name = Products;
			sourceTree = "<group>";
		};
		29B97314FDCFA39411CA2CEA /* CalChart */ = {
			isa = PBXGroup;
			children = (
				C72F24B914D4976E00758A0E /* GLUT.framework */,
				C7C5FBDB1479B3F8004E5C5B /* WebKit.framework */,
				C7C5FBD91479B39A004E5C5B /* QuickTime.framework */,
				C7C5FBD71479B385004E5C5B /* OpenGL.framework */,
				C7C5FBD51479B372004E5C5B /* AudioToolbox.framework */,
				C7C5FBD31479B367004E5C5B /* Carbon.framework */,
				C7C5FBD11479B356004E5C5B /* IOKit.framework */,
				C7ED4FC511CD594E001A4FA2 /* docs */,
				C7AFA9A0117A6E7200CC53E2 /* generated */,
				C7AFA969117A6DBA00CC53E2 /* src */,
				29B97317FDCFA39411CA2CEA /* Resources */,
				29B97323FDCFA39411CA2CEA /* Frameworks */,
				19C28FACFE9D520D11CA2CBB /* Products */,
			);
			name = CalChart;
			sourceTree = "<group>";
		};
		29B97317FDCFA39411CA2CEA /* Resources */ = {
			isa = PBXGroup;
			children = (
				C7E8DED2117B6A4C00C9FAC9 /* calchart.icns */,
				8D1107310486CEB800E47090 /* CalChart-Info.plist */,
				089C165CFE840E0CC02AAC07 /* InfoPlist.strings */,
			);
			name = Resources;
			sourceTree = "<group>";
		};
		29B97323FDCFA39411CA2CEA /* Frameworks */ = {
			isa = PBXGroup;
			children = (
				1058C7A0FEA54F0111CA2CBB /* Linked Frameworks */,
				1058C7A2FEA54F0111CA2CBB /* Other Frameworks */,
			);
			name = Frameworks;
			sourceTree = "<group>";
		};
		C7AFA969117A6DBA00CC53E2 /* src */ = {
			isa = PBXGroup;
			children = (
				C7BFBCF914722689002385FB /* animatecommand.cpp */,
				C7BFBCFA14722689002385FB /* animatecommand.h */,
				C7AFA96C117A6DBA00CC53E2 /* animate.cpp */,
				C7AFA96D117A6DBA00CC53E2 /* animate.h */,
				C7AFA96A117A6DBA00CC53E2 /* anim_ui.cpp */,
				C7AFA96B117A6DBA00CC53E2 /* anim_ui.h */,
				C785A90814CFC5180038B6FE /* animation_canvas.cpp */,
				C785A90914CFC5180038B6FE /* animation_canvas.h */,
				C785A90A14CFC5180038B6FE /* animation_error.cpp */,
				C785A90B14CFC5180038B6FE /* animation_error.h */,
				C7AC49AE14CCD51F00506C76 /* animation_frame.cpp */,
				C7AC49AF14CCD51F00506C76 /* animation_frame.h */,
				C7B669741474E20300E28B63 /* background_image.cpp */,
				C7B669751474E20300E28B63 /* background_image.h */,
				C7AFA96E117A6DBA00CC53E2 /* basic_ui.cpp */,
				C7AFA96F117A6DBA00CC53E2 /* basic_ui.h */,
				C7D4E2C211D087CD007D3587 /* calchartapp.cpp */,
				C7D4E2C311D087CD007D3587 /* calchartapp.h */,
				C7AFA970117A6DBA00CC53E2 /* ccvers.h */,
				C7A845071398E7D8003AD23E /* cc_command.cpp */,
				C7A845081398E7D8003AD23E /* cc_command.h */,
				C74DE4A212EAC0B900A20B8A /* cc_continuity.cpp */,
				C74DE4A312EAC0B900A20B8A /* cc_continuity.h */,
				C7FC7B7C130746C100F22854 /* cc_coord.cpp */,
				C7FC7B7D130746C100F22854 /* cc_coord.h */,
				C785A91814D3D6620038B6FE /* cc_omniview_canvas.cpp */,
				C785A91914D3D6620038B6FE /* cc_omniview_canvas.h */,
				C75C5DE512F5E7E200CBFD3A /* cc_point.cpp */,
				C75C5DE612F5E7E200CBFD3A /* cc_point.h */,
				C7A8451A1398E8D5003AD23E /* cc_preferences_ui.cpp */,
				C7A8451B1398E8D5003AD23E /* cc_preferences_ui.h */,
				C75A5FB91180072C0047B87D /* cc_shapes.cpp */,
				C75A5FBA1180072C0047B87D /* cc_shapes.h */,
				C7EC032711D9AD0E0043B2FD /* cc_sheet.cpp */,
				C7EC032811D9AD0E0043B2FD /* cc_sheet.h */,
				C78241F212BEC69200BE680F /* cc_show.cpp */,
				C78241F312BEC69200BE680F /* cc_show.h */,
				C7EC035611D9B10C0043B2FD /* cc_types.h */,
				C7AFA973117A6DBA00CC53E2 /* confgr.cpp */,
				C7AFA974117A6DBA00CC53E2 /* confgr.h */,
				C7AFA975117A6DBA00CC53E2 /* cont.cpp */,
				C7AFA976117A6DBA00CC53E2 /* cont.h */,
				C7AFA977117A6DBA00CC53E2 /* cont_ui.cpp */,
				C7AFA978117A6DBA00CC53E2 /* cont_ui.h */,
				C7AFA979117A6DBA00CC53E2 /* contgram.y */,
				C7AFA97A117A6DBA00CC53E2 /* contscan.l */,
				C7AFA97B117A6DBA00CC53E2 /* draw.cpp */,
				C7AFA97E117A6DBA00CC53E2 /* linmath.h */,
				C7AFA97F117A6DBA00CC53E2 /* main_ui.cpp */,
				C7AFA980117A6DBA00CC53E2 /* main_ui.h */,
				C7AFA981117A6DBA00CC53E2 /* modes.cpp */,
				C7AFA982117A6DBA00CC53E2 /* modes.h */,
				C7AFA983117A6DBA00CC53E2 /* parse.h */,
				C7AFA984117A6DBA00CC53E2 /* platconf.h */,
				C7AFA985117A6DBA00CC53E2 /* print.cpp */,
				C7AFA986117A6DBA00CC53E2 /* print_ui.cpp */,
				C7AFA987117A6DBA00CC53E2 /* print_ui.h */,
				C7AFA988117A6DBA00CC53E2 /* show.cpp */,
				C7AFA989117A6DBA00CC53E2 /* show.h */,
				C7AFA98A117A6DBA00CC53E2 /* show_ui.cpp */,
				C7AFA98B117A6DBA00CC53E2 /* show_ui.h */,
				C72E2B071441150400118C03 /* top_frame.cpp */,
				C72E2B081441150400118C03 /* top_frame.h */,
			);
			name = src;
			path = ../src;
			sourceTree = SOURCE_ROOT;
		};
		C7AFA9A0117A6E7200CC53E2 /* generated */ = {
			isa = PBXGroup;
			children = (
				C7AFA9A1117A6E7200CC53E2 /* contgram.cpp */,
				C7AFA9A2117A6E7200CC53E2 /* contgram.h */,
				C7AFA9A3117A6E7200CC53E2 /* contscan.cpp */,
			);
			name = generated;
			path = ../generated;
			sourceTree = SOURCE_ROOT;
		};
		C7ED4FC511CD594E001A4FA2 /* docs */ = {
			isa = PBXGroup;
			children = (
				C7D1781E13B7C6E800F65F4C /* charthlp_geniusmove.html */,
				C7D1781F13B7C6E800F65F4C /* charthlp_movepointsintoaline.html */,
				C7D1782013B7C6E800F65F4C /* charthlp_reflectblock.html */,
				C7D1782113B7C6E800F65F4C /* charthlp_resizeblock.html */,
				C7D1782213B7C6E800F65F4C /* charthlp_rotateblock.html */,
				C7D1782313B7C6E800F65F4C /* charthlp_shearblock.html */,
				C7D1782413B7C6E800F65F4C /* charthlp_translatepoints.html */,
				C7ED4FC811CD594E001A4FA2 /* back.gif */,
				C7ED4FCB11CD594E001A4FA2 /* charthlp.con */,
				C7ED4FCC11CD594E001A4FA2 /* charthlp.hhc */,
				C7ED4FCD11CD594E001A4FA2 /* charthlp.hhk */,
				C7ED4FCE11CD594E001A4FA2 /* charthlp.hhp */,
				C7ED4FD011CD594E001A4FA2 /* charthlp.ref */,
				C7ED4FD311CD594E001A4FA2 /* charthlp_acknowledge.html */,
				C7ED4FD511CD594E001A4FA2 /* charthlp_animcont.html */,
				C7ED4FD611CD594E001A4FA2 /* charthlp_animwin.html */,
				C7ED4FD711CD594E001A4FA2 /* charthlp_basics.html */,
				C7ED4FD811CD594E001A4FA2 /* charthlp_blam.html */,
				C7ED4FD911CD594E001A4FA2 /* charthlp_bugs.html */,
				C7ED4FDA11CD594E001A4FA2 /* charthlp_close.html */,
				C7ED4FDB11CD594E001A4FA2 /* charthlp_comments.html */,
				C7ED4FDC11CD594E001A4FA2 /* charthlp_contents.html */,
				C7ED4FDD11CD594E001A4FA2 /* charthlp_copyright.html */,
				C7ED4FDF11CD594E001A4FA2 /* charthlp_dir.html */,
				C7ED4FDE11CD594E001A4FA2 /* charthlp_countermarch.html */,
				C7ED4FE011CD594E001A4FA2 /* charthlp_directions.html */,
				C7ED4FE111CD594E001A4FA2 /* charthlp_dirfrom.html */,
				C7ED4FE211CD594E001A4FA2 /* charthlp_dist.html */,
				C7ED4FE311CD594E001A4FA2 /* charthlp_distfrom.html */,
				C7ED4FE411CD594E001A4FA2 /* charthlp_dmcm.html */,
				C7ED4FE511CD594E001A4FA2 /* charthlp_dmhs.html */,
				C7ED4FE611CD594E001A4FA2 /* charthlp_easyinstall.html */,
				C7ED4FE711CD594E001A4FA2 /* charthlp_editcont.html */,
				C7ED4FE811CD594E001A4FA2 /* charthlp_either.html */,
				C7ED4FE911CD594E001A4FA2 /* charthlp_even.html */,
				C7ED4FEA11CD594E001A4FA2 /* charthlp_ewns.html */,
				C7ED4FEB11CD594E001A4FA2 /* charthlp_fm.html */,
				C7ED4FEC11CD594E001A4FA2 /* charthlp_fmto.html */,
				C7ED4FED11CD594E001A4FA2 /* charthlp_fountain.html */,
				C7ED4FEE11CD594E001A4FA2 /* charthlp_functions.html */,
				C7ED4FEF11CD594E001A4FA2 /* charthlp_future.html */,
				C7ED4FF011CD594E001A4FA2 /* charthlp_gpl.html */,
				C7ED4FF111CD594E001A4FA2 /* charthlp_grid.html */,
				C7ED4FF211CD594E001A4FA2 /* charthlp_hscm.html */,
				C7ED4FF311CD594E001A4FA2 /* charthlp_hsdm.html */,
				C7ED4FF411CD594E001A4FA2 /* charthlp_installing.html */,
				C7D177DE13B1A7E500F65F4C /* charthlp_macosxinstall.html */,
				C7D177DF13B1A7E500F65F4C /* charthlp_macosxprinter.html */,
				C7ED4FF511CD594E001A4FA2 /* charthlp_magic.html */,
				C7ED4FF611CD594E001A4FA2 /* charthlp_march.html */,
				C7ED4FF811CD594E001A4FA2 /* charthlp_movement.html */,
				C7ED4FF911CD594E001A4FA2 /* charthlp_mt.html */,
				C7ED4FFA11CD594E001A4FA2 /* charthlp_mtrm.html */,
				C7ED4FFB11CD594E001A4FA2 /* charthlp_newshow.html */,
				C7ED4FFC11CD594E001A4FA2 /* charthlp_notdone.html */,
				C7ED4FFD11CD594E001A4FA2 /* charthlp_nsew.html */,
				C7ED4FFE11CD594E001A4FA2 /* charthlp_numbers.html */,
				C7ED4FFF11CD594E001A4FA2 /* charthlp_obtaining.html */,
				C7ED500011CD594E001A4FA2 /* charthlp_opp.html */,
				C7ED500111CD594E001A4FA2 /* charthlp_overview.html */,
				C7ED500211CD594E001A4FA2 /* charthlp_pcontcodes.html */,
				C7ED500311CD594E001A4FA2 /* charthlp_points.html */,
				C7ED500411CD594E001A4FA2 /* charthlp_printcont.html */,
				C7ED500511CD594E001A4FA2 /* charthlp_problems.html */,
				C7ED500611CD594E001A4FA2 /* charthlp_procedures.html */,
				C7ED500711CD594E001A4FA2 /* charthlp_refer.html */,
				C7ED500811CD594E001A4FA2 /* charthlp_refpoints.html */,
				C7ED500911CD594E001A4FA2 /* charthlp_reportingbugs.html */,
				C7ED500A11CD594E001A4FA2 /* charthlp_rotate.html */,
				C7ED500B11CD594E001A4FA2 /* charthlp_software.html */,
				C7ED500C11CD594E001A4FA2 /* charthlp_step.html */,
				C7ED500D11CD594E001A4FA2 /* charthlp_steps.html */,
				C7ED500E11CD594E001A4FA2 /* charthlp_stepsizes.html */,
				C7ED500F11CD594E001A4FA2 /* charthlp_symbols.html */,
				C7ED501011CD594E001A4FA2 /* charthlp_topic0.html */,
				C7ED501411CD594E001A4FA2 /* charthlp_variables.html */,
				C7ED501511CD594E001A4FA2 /* charthlp_wininstall.html */,
				C7ED501611CD594E001A4FA2 /* charthlp_winprinter.html */,
				C7ED501711CD594E001A4FA2 /* contents.gif */,
				C7ED501811CD594E001A4FA2 /* forward.gif */,
				C7ED502011CD594E001A4FA2 /* up.gif */,
			);
			name = docs;
			path = ../docs;
			sourceTree = SOURCE_ROOT;
		};
/* End PBXGroup section */

/* Begin PBXNativeTarget section */
		8D1107260486CEB800E47090 /* CalChart */ = {
			isa = PBXNativeTarget;
			buildConfigurationList = C01FCF4A08A954540054247B /* Build configuration list for PBXNativeTarget "CalChart" */;
			buildPhases = (
				8D1107290486CEB800E47090 /* Resources */,
				8D11072C0486CEB800E47090 /* Sources */,
				8D11072E0486CEB800E47090 /* Frameworks */,
				C7ED502211CD5A41001A4FA2 /* Copy Docs */,
			);
			buildRules = (
			);
			dependencies = (
			);
			name = CalChart;
			productInstallPath = "$(HOME)/Applications";
			productName = CalChart;
			productReference = 8D1107320486CEB800E47090 /* CalChart.app */;
			productType = "com.apple.product-type.application";
		};
/* End PBXNativeTarget section */

/* Begin PBXProject section */
		29B97313FDCFA39411CA2CEA /* Project object */ = {
			isa = PBXProject;
			attributes = {
				LastUpgradeCheck = 0420;
			};
			buildConfigurationList = C01FCF4E08A954540054247B /* Build configuration list for PBXProject "CalChart" */;
			compatibilityVersion = "Xcode 3.2";
			developmentRegion = English;
			hasScannedForEncodings = 1;
			knownRegions = (
				English,
				Japanese,
				French,
				German,
			);
			mainGroup = 29B97314FDCFA39411CA2CEA /* CalChart */;
			projectDirPath = "";
			projectRoot = "";
			targets = (
				8D1107260486CEB800E47090 /* CalChart */,
			);
		};
/* End PBXProject section */

/* Begin PBXResourcesBuildPhase section */
		8D1107290486CEB800E47090 /* Resources */ = {
			isa = PBXResourcesBuildPhase;
			buildActionMask = 2147483647;
			files = (
				8D11072B0486CEB800E47090 /* InfoPlist.strings in Resources */,
				C7E8DED3117B6A4C00C9FAC9 /* calchart.icns in Resources */,
			);
			runOnlyForDeploymentPostprocessing = 0;
		};
/* End PBXResourcesBuildPhase section */

/* Begin PBXSourcesBuildPhase section */
		8D11072C0486CEB800E47090 /* Sources */ = {
			isa = PBXSourcesBuildPhase;
			buildActionMask = 2147483647;
			files = (
				C7AFA98E117A6DBA00CC53E2 /* anim_ui.cpp in Sources */,
				C7AFA98F117A6DBA00CC53E2 /* animate.cpp in Sources */,
				C7AFA990117A6DBA00CC53E2 /* basic_ui.cpp in Sources */,
				C7AFA992117A6DBA00CC53E2 /* confgr.cpp in Sources */,
				C7AFA993117A6DBA00CC53E2 /* cont.cpp in Sources */,
				C7AFA994117A6DBA00CC53E2 /* cont_ui.cpp in Sources */,
				C7AFA997117A6DBA00CC53E2 /* draw.cpp in Sources */,
				C7AFA999117A6DBA00CC53E2 /* main_ui.cpp in Sources */,
				C7AFA99A117A6DBA00CC53E2 /* modes.cpp in Sources */,
				C7AFA99B117A6DBA00CC53E2 /* print.cpp in Sources */,
				C7AFA99C117A6DBA00CC53E2 /* print_ui.cpp in Sources */,
				C7AFA99D117A6DBA00CC53E2 /* show.cpp in Sources */,
				C7AFA99E117A6DBA00CC53E2 /* show_ui.cpp in Sources */,
				C7AFA9A4117A6E7200CC53E2 /* contgram.cpp in Sources */,
				C7AFA9A5117A6E7200CC53E2 /* contscan.cpp in Sources */,
				C75A5FBB1180072C0047B87D /* cc_shapes.cpp in Sources */,
				C7D4E2C411D087CD007D3587 /* calchartapp.cpp in Sources */,
				C7EC032911D9AD0E0043B2FD /* cc_sheet.cpp in Sources */,
				C78241F412BEC69200BE680F /* cc_show.cpp in Sources */,
				C74DE4A412EAC0B900A20B8A /* cc_continuity.cpp in Sources */,
				C75C5DE712F5E7E200CBFD3A /* cc_point.cpp in Sources */,
				C7FC7B7E130746C100F22854 /* cc_coord.cpp in Sources */,
				C7A845091398E7D8003AD23E /* cc_command.cpp in Sources */,
				C7A8451C1398E8D5003AD23E /* cc_preferences_ui.cpp in Sources */,
				C72E2B091441150400118C03 /* top_frame.cpp in Sources */,
				C7BFBCFB14722689002385FB /* animatecommand.cpp in Sources */,
				C7B669761474E20300E28B63 /* background_image.cpp in Sources */,
				C7AC49B014CCD51F00506C76 /* animation_frame.cpp in Sources */,
				C785A90C14CFC5190038B6FE /* animation_canvas.cpp in Sources */,
				C785A90D14CFC5190038B6FE /* animation_error.cpp in Sources */,
				C785A91A14D3D6620038B6FE /* cc_omniview_canvas.cpp in Sources */,
			);
			runOnlyForDeploymentPostprocessing = 0;
		};
/* End PBXSourcesBuildPhase section */

/* Begin PBXVariantGroup section */
		089C165CFE840E0CC02AAC07 /* InfoPlist.strings */ = {
			isa = PBXVariantGroup;
			children = (
				089C165DFE840E0CC02AAC07 /* English */,
			);
			name = InfoPlist.strings;
			sourceTree = "<group>";
		};
/* End PBXVariantGroup section */

/* Begin XCBuildConfiguration section */
		C01FCF4B08A954540054247B /* Debug */ = {
			isa = XCBuildConfiguration;
			buildSettings = {
				COPY_PHASE_STRIP = NO;
				GCC_DYNAMIC_NO_PIC = NO;
				GCC_MODEL_TUNING = G5;
				GCC_OPTIMIZATION_LEVEL = 0;
				GCC_PRECOMPILE_PREFIX_HEADER = YES;
				GCC_VERSION = com.apple.compilers.llvm.clang.1_0;
				INFOPLIST_FILE = "CalChart-Info.plist";
				MACOSX_DEPLOYMENT_TARGET = 10.5;
				PRODUCT_NAME = CalChart;
			};
			name = Debug;
		};
		C01FCF4C08A954540054247B /* Release */ = {
			isa = XCBuildConfiguration;
			buildSettings = {
				GCC_MODEL_TUNING = G5;
				GCC_PRECOMPILE_PREFIX_HEADER = YES;
				GCC_VERSION = com.apple.compilers.llvm.clang.1_0;
				INFOPLIST_FILE = "CalChart-Info.plist";
				MACOSX_DEPLOYMENT_TARGET = 10.5;
				PRODUCT_NAME = CalChart;
			};
			name = Release;
		};
		C01FCF4F08A954540054247B /* Debug */ = {
			isa = XCBuildConfiguration;
			buildSettings = {
				ARCHS = "$(ARCHS_STANDARD_64_BIT)";
				CURRENT_PROJECT_VERSION = 3.2.2;
				GCC_C_LANGUAGE_STANDARD = gnu99;
				GCC_OPTIMIZATION_LEVEL = 0;
				GCC_PREPROCESSOR_DEFINITIONS = (
					"_FILE_OFFSET_BITS=64",
					__WXMAC__,
					__WXOSX__,
					__WXOSX_COCOA__,
				);
				GCC_VERSION = com.apple.compilers.llvmgcc42;
				GCC_WARN_ABOUT_RETURN_TYPE = YES;
				GCC_WARN_UNUSED_VARIABLE = YES;
				HEADER_SEARCH_PATHS = (
					../resources,
					"/usr/local/lib/wx/include/osx_cocoa-unicode-static-2.9",
					"/usr/local/include/wx-2.9",
					/opt/local/include,
				);
				ONLY_ACTIVE_ARCH = YES;
				OTHER_LDFLAGS = (
					"-L/usr/local/lib",
					"-lwx_osx_cocoau_gl-2.9",
					"-lwx_osx_cocoau_xrc-2.9",
					"-lwx_osx_cocoau_html-2.9",
					"-lwx_osx_cocoau_qa-2.9",
					"-lwx_osx_cocoau_adv-2.9",
					"-lwx_osx_cocoau_core-2.9",
					"-lwx_baseu_xml-2.9",
					"-lwx_baseu_net-2.9",
					"-lwx_baseu-2.9",
					"-lexpat",
					"-lwxregexu-2.9",
					"-lwxtiff-2.9",
					"-lwxjpeg-2.9",
					"-lwxpng-2.9",
					"-lz",
					"-lpthread",
					"-liconv",
				);
				SDKROOT = macosx10.6;
				WARNING_CFLAGS = "-Wall";
			};
			name = Debug;
		};
		C01FCF5008A954540054247B /* Release */ = {
			isa = XCBuildConfiguration;
			buildSettings = {
				ARCHS = "$(ARCHS_STANDARD_64_BIT)";
				CURRENT_PROJECT_VERSION = 3.2.2;
				DEBUG_INFORMATION_FORMAT = "dwarf-with-dsym";
				GCC_C_LANGUAGE_STANDARD = gnu99;
				GCC_PREPROCESSOR_DEFINITIONS = (
					"_FILE_OFFSET_BITS=64",
					__WXMAC__,
					__WXOSX__,
					__WXOSX_COCOA__,
				);
				GCC_VERSION = com.apple.compilers.llvmgcc42;
				GCC_WARN_ABOUT_RETURN_TYPE = YES;
				GCC_WARN_UNUSED_VARIABLE = YES;
				HEADER_SEARCH_PATHS = (
					../resources,
					"/usr/local/lib/wx/include/osx_cocoa-unicode-static-2.9",
					"/usr/local/include/wx-2.9",
					/opt/local/include,
				);
				OTHER_LDFLAGS = (
					"-L/usr/local/lib",
					"-lwx_osx_cocoau_gl-2.9",
					"-lwx_osx_cocoau_xrc-2.9",
					"-lwx_osx_cocoau_html-2.9",
					"-lwx_osx_cocoau_qa-2.9",
					"-lwx_osx_cocoau_adv-2.9",
					"-lwx_osx_cocoau_core-2.9",
					"-lwx_baseu_xml-2.9",
					"-lwx_baseu_net-2.9",
					"-lwx_baseu-2.9",
					"-lexpat",
					"-lwxregexu-2.9",
					"-lwxtiff-2.9",
					"-lwxjpeg-2.9",
					"-lwxpng-2.9",
					"-lz",
					"-lpthread",
					"-liconv",
				);
				SDKROOT = macosx10.6;
				WARNING_CFLAGS = "-Wall";
			};
			name = Release;
		};
/* End XCBuildConfiguration section */

/* Begin XCConfigurationList section */
		C01FCF4A08A954540054247B /* Build configuration list for PBXNativeTarget "CalChart" */ = {
			isa = XCConfigurationList;
			buildConfigurations = (
				C01FCF4B08A954540054247B /* Debug */,
				C01FCF4C08A954540054247B /* Release */,
			);
			defaultConfigurationIsVisible = 0;
			defaultConfigurationName = Release;
		};
		C01FCF4E08A954540054247B /* Build configuration list for PBXProject "CalChart" */ = {
			isa = XCConfigurationList;
			buildConfigurations = (
				C01FCF4F08A954540054247B /* Debug */,
				C01FCF5008A954540054247B /* Release */,
			);
			defaultConfigurationIsVisible = 0;
			defaultConfigurationName = Release;
		};
/* End XCConfigurationList section */
	};
	rootObject = 29B97313FDCFA39411CA2CEA /* Project object */;
}
